
Microsoft Visual Studio Solution File, Format Version 12.00
# Visual Studio Version 17
VisualStudioVersion = 17.2.32630.192
MinimumVisualStudioVersion = 10.0.40219.1
Project("{9A19103F-16F7-4668-BE54-9A1E7A4F7556}") = "R5T.S0095", "R5T.S0095\R5T.S0095.csproj", "{8FE84D1E-087C-4339-8597-7D527414C2EB}"
EndProject
Project("{2150E333-8FDC-42A3-9474-1A3956D46DE8}") = "_Dependencies", "_Dependencies", "{A009839B-80C5-4F44-94D9-04BA945CA310}"
EndProject
Project("{9A19103F-16F7-4668-BE54-9A1E7A4F7556}") = "R5T.F0000", "..\..\R5T.F0000\source\R5T.F0000\R5T.F0000.csproj", "{1D32CD09-74DD-457C-8937-1D25FFE2643D}"
EndProject
Project("{9A19103F-16F7-4668-BE54-9A1E7A4F7556}") = "R5T.F0002", "..\..\R5T.F0002\source\R5T.F0002\R5T.F0002.csproj", "{33736A12-5A52-4F03-A767-391972586EE0}"
EndProject
Project("{9A19103F-16F7-4668-BE54-9A1E7A4F7556}") = "R5T.F0120", "..\..\R5T.F0120\source\R5T.F0120\R5T.F0120.csproj", "{47860BD0-1E57-4293-B3E0-CC96AADFB016}"
EndProject
Project("{9A19103F-16F7-4668-BE54-9A1E7A4F7556}") = "R5T.F0124", "..\..\R5T.F0124\source\R5T.F0124\R5T.F0124.csproj", "{1218564F-82B6-4398-A172-914DC1B1C996}"
EndProject
Project("{9A19103F-16F7-4668-BE54-9A1E7A4F7556}") = "R5T.F0125", "..\..\R5T.F0125\source\R5T.F0125\R5T.F0125.csproj", "{1D4E6D48-E0BF-4D06-B3AF-86968FA5F303}"
EndProject
Project("{9A19103F-16F7-4668-BE54-9A1E7A4F7556}") = "R5T.L0030.T000", "..\..\R5T.L0030\source\R5T.L0030.T000\R5T.L0030.T000.csproj", "{B4D2A5EC-FA9D-4FE7-BCC9-62435F0D3129}"
EndProject
Project("{9A19103F-16F7-4668-BE54-9A1E7A4F7556}") = "R5T.L0030", "..\..\R5T.L0030\source\R5T.L0030\R5T.L0030.csproj", "{C980C6A8-06B2-4352-BC07-B600880C90A3}"
EndProject
Project("{9A19103F-16F7-4668-BE54-9A1E7A4F7556}") = "R5T.L0034", "..\..\R5T.L0034\source\R5T.L0034\R5T.L0034.csproj", "{E7E6C62B-8FD6-4C70-96B7-7A211832A063}"
EndProject
Project("{9A19103F-16F7-4668-BE54-9A1E7A4F7556}") = "R5T.L0035", "..\..\R5T.L0035\source\R5T.L0035\R5T.L0035.csproj", "{D25148B0-A557-4E93-896B-EF0AC3832736}"
EndProject
Project("{9A19103F-16F7-4668-BE54-9A1E7A4F7556}") = "R5T.NG0022", "..\..\R5T.NG0022\source\R5T.NG0022\R5T.NG0022.csproj", "{6D98A547-E626-44F6-88EA-699D008408B8}"
EndProject
Project("{9A19103F-16F7-4668-BE54-9A1E7A4F7556}") = "R5T.T0131", "..\..\R5T.T0131\source\R5T.T0131\R5T.T0131.csproj", "{10812C3C-A0C0-4F14-8F8D-FEA9B96AE2F5}"
EndProject
Project("{9A19103F-16F7-4668-BE54-9A1E7A4F7556}") = "R5T.T0132", "..\..\R5T.T0132\source\R5T.T0132\R5T.T0132.csproj", "{724521E6-669F-42AD-9A92-C4D4D2E55EBF}"
EndProject
Project("{9A19103F-16F7-4668-BE54-9A1E7A4F7556}") = "R5T.T0142", "..\..\R5T.T0142\source\R5T.T0142\R5T.T0142.csproj", "{8FEAE957-3AEE-49C9-8F7B-C377F10B2BBA}"
EndProject
Project("{9A19103F-16F7-4668-BE54-9A1E7A4F7556}") = "R5T.T0143", "..\..\R5T.T0143\source\R5T.T0143\R5T.T0143.csproj", "{1E4E2A5F-874B-4EA5-AC1E-EE7A45AB099E}"
EndProject
Project("{9A19103F-16F7-4668-BE54-9A1E7A4F7556}") = "R5T.T0156", "..\..\R5T.T0156\source\R5T.T0156\R5T.T0156.csproj", "{F19DBC47-8460-4657-AD65-97C9AE36BF88}"
EndProject
Project("{9A19103F-16F7-4668-BE54-9A1E7A4F7556}") = "R5T.T0174", "..\..\R5T.T0174\source\R5T.T0174\R5T.T0174.csproj", "{E4D39D64-C0D1-4642-93B3-35AB712A656E}"
EndProject
Project("{9A19103F-16F7-4668-BE54-9A1E7A4F7556}") = "R5T.T0176", "..\..\R5T.T0176\source\R5T.T0176\R5T.T0176.csproj", "{BA950815-4D9C-444E-90F3-960E50B28314}"
EndProject
Project("{9A19103F-16F7-4668-BE54-9A1E7A4F7556}") = "R5T.T0177", "..\..\R5T.T0177\source\R5T.T0177\R5T.T0177.csproj", "{4B86F7B6-1D3C-4D39-A9FE-F6229A050C0A}"
EndProject
Project("{9A19103F-16F7-4668-BE54-9A1E7A4F7556}") = "R5T.T0178", "..\..\R5T.T0178\source\R5T.T0178\R5T.T0178.csproj", "{130EFB2A-3B44-4049-AC4C-856787FB3B09}"
EndProject
Project("{9A19103F-16F7-4668-BE54-9A1E7A4F7556}") = "R5T.T0179", "..\..\R5T.T0179\source\R5T.T0179\R5T.T0179.csproj", "{B8FBB5C2-C554-4CA1-A961-DE7F10D98162}"
EndProject
Project("{9A19103F-16F7-4668-BE54-9A1E7A4F7556}") = "R5T.T0180", "..\..\R5T.T0180\source\R5T.T0180\R5T.T0180.csproj", "{94D9C244-5C8A-467F-8073-D76BBB728C9F}"
EndProject
Project("{9A19103F-16F7-4668-BE54-9A1E7A4F7556}") = "R5T.T0181", "..\..\R5T.T0181\source\R5T.T0181\R5T.T0181.csproj", "{7CF6FDD0-D5B9-42EE-AD1E-7F5F6A883832}"
EndProject
Project("{9A19103F-16F7-4668-BE54-9A1E7A4F7556}") = "R5T.T0185", "..\..\R5T.T0185\source\R5T.T0185\R5T.T0185.csproj", "{DF48B283-16F3-47BE-935C-3A9EDBF8B5A8}"
EndProject
Project("{9A19103F-16F7-4668-BE54-9A1E7A4F7556}") = "R5T.T0199", "..\..\R5T.T0199\source\R5T.T0199\R5T.T0199.csproj", "{D1664D33-8873-4C75-8C54-5E3E8EA8D816}"
EndProject
Project("{9A19103F-16F7-4668-BE54-9A1E7A4F7556}") = "R5T.T0203", "..\..\R5T.T0203\source\R5T.T0203\R5T.T0203.csproj", "{E904313F-A5A8-4F28-AD47-D2F1F2A8CF27}"
EndProject
Project("{9A19103F-16F7-4668-BE54-9A1E7A4F7556}") = "R5T.T0220", "..\..\R5T.T0220\source\R5T.T0220\R5T.T0220.csproj", "{F2A14D33-6859-4CF8-9504-183D935462CE}"
EndProject
Project("{9A19103F-16F7-4668-BE54-9A1E7A4F7556}") = "R5T.T0221", "..\..\R5T.T0221\source\R5T.T0221\R5T.T0221.csproj", "{9F1DF162-EB88-43BA-90EC-7DE8C67AD01B}"
EndProject
Project("{9A19103F-16F7-4668-BE54-9A1E7A4F7556}") = "R5T.Y0000", "..\..\R5T.Y0000\source\R5T.Y0000\R5T.Y0000.csproj", "{A5879CE8-9A9A-4EF5-87EA-73790BFF0D4E}"
EndProject
Project("{9A19103F-16F7-4668-BE54-9A1E7A4F7556}") = "R5T.Z0000", "..\..\R5T.Z0000\source\R5T.Z0000\R5T.Z0000.csproj", "{2B824F9B-4186-48C2-9574-A1CE4F560C09}"
EndProject
Project("{9A19103F-16F7-4668-BE54-9A1E7A4F7556}") = "R5T.F0016.F001", "..\..\R5T.F0016\source\R5T.F0016.F001\R5T.F0016.F001.csproj", "{E7063E83-B78D-4A8E-9DBE-050FF020826A}"
EndProject
Project("{9A19103F-16F7-4668-BE54-9A1E7A4F7556}") = "R5T.F0016", "..\..\R5T.F0016\source\R5T.F0016\R5T.F0016.csproj", "{7D6AEE52-4425-49C2-B7DC-A5B196FE107D}"
EndProject
Project("{9A19103F-16F7-4668-BE54-9A1E7A4F7556}") = "R5T.F0019", "..\..\R5T.F0019\source\R5T.F0019\R5T.F0019.csproj", "{66ED018C-B15D-414C-BB5B-015C3410EF29}"
EndProject
Project("{9A19103F-16F7-4668-BE54-9A1E7A4F7556}") = "R5T.F0020", "..\..\R5T.F0020\source\R5T.F0020\R5T.F0020.csproj", "{4F2100F4-3A0C-48E4-9FCA-BCF117D01AD3}"
EndProject
Project("{9A19103F-16F7-4668-BE54-9A1E7A4F7556}") = "R5T.F0024.T001", "..\..\R5T.F0024\source\R5T.F0024.T001\R5T.F0024.T001.csproj", "{4B591FF4-AFF1-480E-850B-954C0CBEF635}"
EndProject
Project("{9A19103F-16F7-4668-BE54-9A1E7A4F7556}") = "R5T.F0024", "..\..\R5T.F0024\source\R5T.F0024\R5T.F0024.csproj", "{6DC09B80-EAC4-44C0-BCBC-FB66090B07B9}"
EndProject
Project("{9A19103F-16F7-4668-BE54-9A1E7A4F7556}") = "R5T.F0032", "..\..\R5T.F0032\source\R5T.F0032\R5T.F0032.csproj", "{3B09C6C4-8A12-4017-A8C3-6FA3EBD2F326}"
EndProject
Project("{9A19103F-16F7-4668-BE54-9A1E7A4F7556}") = "R5T.F0035.F001", "..\..\R5T.F0035\source\R5T.F0035.F001\R5T.F0035.F001.csproj", "{87722C6A-C885-41E0-BF1A-4A88D9E47CA7}"
EndProject
Project("{9A19103F-16F7-4668-BE54-9A1E7A4F7556}") = "R5T.F0040.F000", "..\..\R5T.F0040\source\R5T.F0040.F000\R5T.F0040.F000.csproj", "{37992B4F-D000-4048-93E9-F86CA01BEF2C}"
EndProject
Project("{9A19103F-16F7-4668-BE54-9A1E7A4F7556}") = "R5T.F0041", "..\..\R5T.F0041\source\R5T.F0041\R5T.F0041.csproj", "{612503A7-D0D3-4B0C-BE3E-A395D97DD9D7}"
EndProject
Project("{9A19103F-16F7-4668-BE54-9A1E7A4F7556}") = "R5T.F0042.F001", "..\..\R5T.F0042\source\R5T.F0042.F001\R5T.F0042.F001.csproj", "{0B4406C0-35B5-4438-8036-C2149EC3EE16}"
EndProject
Project("{9A19103F-16F7-4668-BE54-9A1E7A4F7556}") = "R5T.F0042.F002", "..\..\R5T.F0042\source\R5T.F0042.F002\R5T.F0042.F002.csproj", "{0AFCFA23-9439-4157-8577-6DB47E901827}"
EndProject
Project("{9A19103F-16F7-4668-BE54-9A1E7A4F7556}") = "R5T.F0042", "..\..\R5T.F0042\source\R5T.F0042\R5T.F0042.csproj", "{7E02C51D-013D-4DE1-90FF-C890931BBC9D}"
EndProject
Project("{9A19103F-16F7-4668-BE54-9A1E7A4F7556}") = "R5T.F0044", "..\..\R5T.F0044\source\R5T.F0044\R5T.F0044.csproj", "{3C07D6F8-5EA1-4751-A337-9320343318B9}"
EndProject
Project("{9A19103F-16F7-4668-BE54-9A1E7A4F7556}") = "R5T.F0046", "..\..\R5T.F0046\source\R5T.F0046\R5T.F0046.csproj", "{BF342961-8F0A-4FEF-A62A-37D645C31A07}"
EndProject
Project("{9A19103F-16F7-4668-BE54-9A1E7A4F7556}") = "R5T.F0047", "..\..\R5T.F0047\source\R5T.F0047\R5T.F0047.csproj", "{9BEE4800-285B-4E08-8F0F-C30F5182EEFC}"
EndProject
Project("{9A19103F-16F7-4668-BE54-9A1E7A4F7556}") = "R5T.F0048", "..\..\R5T.F0048\source\R5T.F0048\R5T.F0048.csproj", "{F76D5D36-1E35-40BC-A024-A4856BA1D2F4}"
EndProject
Project("{9A19103F-16F7-4668-BE54-9A1E7A4F7556}") = "R5T.F0050", "..\..\R5T.F0050\source\R5T.F0050\R5T.F0050.csproj", "{579E44E1-6CDA-43C6-8ADD-6910BD70E67F}"
EndProject
Project("{9A19103F-16F7-4668-BE54-9A1E7A4F7556}") = "R5T.F0052", "..\..\R5T.F0052\source\R5T.F0052\R5T.F0052.csproj", "{70C2BEEF-3F97-4C1F-A8FF-A02873FB7871}"
EndProject
Project("{9A19103F-16F7-4668-BE54-9A1E7A4F7556}") = "R5T.F0053", "..\..\R5T.F0053\source\R5T.F0053\R5T.F0053.csproj", "{9D3C3CC5-B5F3-496B-ADA0-D4260043DDE5}"
EndProject
Project("{9A19103F-16F7-4668-BE54-9A1E7A4F7556}") = "R5T.F0054", "..\..\R5T.F0054\source\R5T.F0054\R5T.F0054.csproj", "{6FDF3B80-E1F6-4A32-88A8-1C3A92EE1E6C}"
EndProject
Project("{9A19103F-16F7-4668-BE54-9A1E7A4F7556}") = "R5T.F0055", "..\..\R5T.F0055\source\R5T.F0055\R5T.F0055.csproj", "{F7B451F7-F8D7-4D72-9A97-252AF95EBCDE}"
EndProject
Project("{9A19103F-16F7-4668-BE54-9A1E7A4F7556}") = "R5T.F0057", "..\..\R5T.F0057\source\R5T.F0057\R5T.F0057.csproj", "{9A66CF43-82EF-4857-8030-8335DF36440E}"
EndProject
Project("{9A19103F-16F7-4668-BE54-9A1E7A4F7556}") = "R5T.F0059", "..\..\R5T.F0059\source\R5T.F0059\R5T.F0059.csproj", "{158C2097-869C-46F2-9E8C-0C2D9084B0D0}"
EndProject
Project("{9A19103F-16F7-4668-BE54-9A1E7A4F7556}") = "R5T.F0063.F001", "..\..\R5T.F0063\source\R5T.F0063.F001\R5T.F0063.F001.csproj", "{3D2B4011-8F7E-42F2-A271-CDCAA9610AD3}"
EndProject
Project("{9A19103F-16F7-4668-BE54-9A1E7A4F7556}") = "R5T.F0063", "..\..\R5T.F0063\source\R5T.F0063\R5T.F0063.csproj", "{5D06462F-96CB-4B2C-95A6-2AB34E8DDDBA}"
EndProject
Project("{9A19103F-16F7-4668-BE54-9A1E7A4F7556}") = "R5T.F0078", "..\..\R5T.F0078\source\R5T.F0078\R5T.F0078.csproj", "{E5CB050A-FC12-4558-A0A0-CAD25E32AB74}"
EndProject
Project("{9A19103F-16F7-4668-BE54-9A1E7A4F7556}") = "R5T.F0079", "..\..\R5T.F0079\source\R5T.F0079\R5T.F0079.csproj", "{6F44D00B-A327-4134-A830-6245E0DB0896}"
EndProject
Project("{9A19103F-16F7-4668-BE54-9A1E7A4F7556}") = "R5T.F0081", "..\..\R5T.F0081\source\R5T.F0081\R5T.F0081.csproj", "{4048A2EB-3A2F-41C5-9FE3-7F6D9646089E}"
EndProject
Project("{9A19103F-16F7-4668-BE54-9A1E7A4F7556}") = "R5T.F0083.R001", "..\..\R5T.F0083\source\R5T.F0083.R001\R5T.F0083.R001.csproj", "{71D74549-AC91-4B6D-80EC-EE9C30DD453F}"
EndProject
Project("{9A19103F-16F7-4668-BE54-9A1E7A4F7556}") = "R5T.F0083", "..\..\R5T.F0083\source\R5T.F0083\R5T.F0083.csproj", "{0F8A200B-60DA-4C80-B7D2-8744BA28C8D2}"
EndProject
Project("{9A19103F-16F7-4668-BE54-9A1E7A4F7556}") = "R5T.F0084", "..\..\R5T.F0084\source\R5T.F0084\R5T.F0084.csproj", "{233CBC4B-6BFB-4B4B-A7DC-FC8AF78B02A4}"
EndProject
Project("{9A19103F-16F7-4668-BE54-9A1E7A4F7556}") = "R5T.F0085", "..\..\R5T.F0085\source\R5T.F0085\R5T.F0085.csproj", "{B7492362-CC4A-4BC0-BF11-C9139DD5DA09}"
EndProject
Project("{9A19103F-16F7-4668-BE54-9A1E7A4F7556}") = "R5T.F0086", "..\..\R5T.F0086\source\R5T.F0086\R5T.F0086.csproj", "{9F7D58F7-13D5-4995-8556-6C9542032DA1}"
EndProject
Project("{9A19103F-16F7-4668-BE54-9A1E7A4F7556}") = "R5T.F0087", "..\..\R5T.F0087\source\R5T.F0087\R5T.F0087.csproj", "{754E0CAF-7068-4087-ACF7-7D6DE38FC9D6}"
EndProject
Project("{9A19103F-16F7-4668-BE54-9A1E7A4F7556}") = "R5T.F0089", "..\..\R5T.F0089\source\R5T.F0089\R5T.F0089.csproj", "{220C3A7C-7461-41A5-A4C4-B1E8922632EE}"
EndProject
Project("{9A19103F-16F7-4668-BE54-9A1E7A4F7556}") = "R5T.F0090", "..\..\R5T.F0090\source\R5T.F0090\R5T.F0090.csproj", "{7D518FB7-52B2-4B58-B3E2-BAF633C24C40}"
EndProject
Project("{9A19103F-16F7-4668-BE54-9A1E7A4F7556}") = "R5T.F0091", "..\..\R5T.F0091\source\R5T.F0091\R5T.F0091.csproj", "{3B83E399-A75A-4CE4-9CA6-8A38AF3D3DD1}"
EndProject
Project("{9A19103F-16F7-4668-BE54-9A1E7A4F7556}") = "R5T.F0094", "..\..\R5T.F0094\source\R5T.F0094\R5T.F0094.csproj", "{CFB64AB2-7900-44E0-AD95-F627A2F32013}"
EndProject
Project("{9A19103F-16F7-4668-BE54-9A1E7A4F7556}") = "R5T.F0095", "..\..\R5T.F0095\source\R5T.F0095\R5T.F0095.csproj", "{A06B4CF5-8FFE-4F90-ADBB-651970509436}"
EndProject
Project("{9A19103F-16F7-4668-BE54-9A1E7A4F7556}") = "R5T.F0126", "..\..\R5T.F0126\source\R5T.F0126\R5T.F0126.csproj", "{95D38B8B-F6E7-4431-97CF-2BF28E143EE9}"
EndProject
Project("{9A19103F-16F7-4668-BE54-9A1E7A4F7556}") = "R5T.F0129", "..\..\R5T.F0129\source\R5T.F0129\R5T.F0129.csproj", "{9D181AFD-BFD1-4B07-A580-54719C8D19F3}"
EndProject
Project("{9A19103F-16F7-4668-BE54-9A1E7A4F7556}") = "R5T.F0130", "..\..\R5T.F0130\source\R5T.F0130\R5T.F0130.csproj", "{D7DE7FC2-0D64-4B96-8053-FD25D2882148}"
EndProject
Project("{9A19103F-16F7-4668-BE54-9A1E7A4F7556}") = "R5T.L0001.Y000", "..\..\R5T.L0001\source\R5T.L0001.Y000\R5T.L0001.Y000.csproj", "{0B67842C-3818-4D40-B8BE-A34912BEE29A}"
EndProject
Project("{9A19103F-16F7-4668-BE54-9A1E7A4F7556}") = "R5T.L0001.Z000", "..\..\R5T.L0001\source\R5T.L0001.Z000\R5T.L0001.Z000.csproj", "{0BDCAEA0-9A12-43BA-A440-D7E5AF8BC1F1}"
EndProject
Project("{9A19103F-16F7-4668-BE54-9A1E7A4F7556}") = "R5T.L0001", "..\..\R5T.L0001\source\R5T.L0001\R5T.L0001.csproj", "{42E1AD52-38C2-4F53-979B-988223233444}"
EndProject
Project("{9A19103F-16F7-4668-BE54-9A1E7A4F7556}") = "R5T.L0026.T000", "..\..\R5T.L0026\source\R5T.L0026.T000\R5T.L0026.T000.csproj", "{CBB3329A-F69C-474C-B261-C642C7FC8DFD}"
EndProject
Project("{9A19103F-16F7-4668-BE54-9A1E7A4F7556}") = "R5T.L0026", "..\..\R5T.L0026\source\R5T.L0026\R5T.L0026.csproj", "{0C899867-37BE-441D-BB17-33E1DCB80256}"
EndProject
Project("{9A19103F-16F7-4668-BE54-9A1E7A4F7556}") = "R5T.L0031.T000", "..\..\R5T.L0031\source\R5T.L0031.T000\R5T.L0031.T000.csproj", "{A40259C4-4159-44D2-918B-C73BE82EF42E}"
EndProject
Project("{9A19103F-16F7-4668-BE54-9A1E7A4F7556}") = "R5T.L0031", "..\..\R5T.L0031\source\R5T.L0031\R5T.L0031.csproj", "{581FA3F1-D44F-48C4-890A-FEC9EF412917}"
EndProject
Project("{9A19103F-16F7-4668-BE54-9A1E7A4F7556}") = "R5T.L0032.T000", "..\..\R5T.L0032\source\R5T.L0032.T000\R5T.L0032.T000.csproj", "{259B2C29-5AA4-454F-95BB-F2C688DF8E5F}"
EndProject
Project("{9A19103F-16F7-4668-BE54-9A1E7A4F7556}") = "R5T.L0036.T000", "..\..\R5T.L0036\source\R5T.L0036.T000\R5T.L0036.T000.csproj", "{92CE5096-19A5-48C9-AA56-03C7D7F090E9}"
EndProject
Project("{9A19103F-16F7-4668-BE54-9A1E7A4F7556}") = "R5T.L0036", "..\..\R5T.L0036\source\R5T.L0036\R5T.L0036.csproj", "{210C2F06-7D05-4976-BFEF-1CFE1829AA09}"
EndProject
Project("{9A19103F-16F7-4668-BE54-9A1E7A4F7556}") = "R5T.L0038", "..\..\R5T.L0038\source\R5T.L0038\R5T.L0038.csproj", "{D2B00EAB-1879-41EF-9264-80E6328DF47B}"
EndProject
Project("{9A19103F-16F7-4668-BE54-9A1E7A4F7556}") = "R5T.L0039.F000", "..\..\R5T.L0039\source\R5T.L0039.F000\R5T.L0039.F000.csproj", "{AEE0F134-DFA2-4181-9F39-867D9B8B2174}"
EndProject
Project("{9A19103F-16F7-4668-BE54-9A1E7A4F7556}") = "R5T.L0039.O000", "..\..\R5T.L0039\source\R5T.L0039.O000\R5T.L0039.O000.csproj", "{DAEEF108-42EE-4681-8A6D-48C1620DE72E}"
EndProject
Project("{9A19103F-16F7-4668-BE54-9A1E7A4F7556}") = "R5T.L0039.T000", "..\..\R5T.L0039\source\R5T.L0039.T000\R5T.L0039.T000.csproj", "{5AF607F0-DEDF-46E3-B1F9-BB115EE48CA7}"
EndProject
Project("{9A19103F-16F7-4668-BE54-9A1E7A4F7556}") = "R5T.L0042.F000", "..\..\R5T.L0042\source\R5T.L0042.F000\R5T.L0042.F000.csproj", "{15F69E36-0393-48AF-A25E-E8A1C9AEF187}"
EndProject
Project("{9A19103F-16F7-4668-BE54-9A1E7A4F7556}") = "R5T.L0042.O001", "..\..\R5T.L0042\source\R5T.L0042.O001\R5T.L0042.O001.csproj", "{4E3AD612-3E5B-4BBD-B3D5-7235213AA8FB}"
EndProject
Project("{9A19103F-16F7-4668-BE54-9A1E7A4F7556}") = "R5T.L0042.T000", "..\..\R5T.L0042\source\R5T.L0042.T000\R5T.L0042.T000.csproj", "{06AD54A9-AFB6-4268-A37B-686A3AEBC57C}"
EndProject
Project("{9A19103F-16F7-4668-BE54-9A1E7A4F7556}") = "R5T.L0042", "..\..\R5T.L0042\source\R5T.L0042\R5T.L0042.csproj", "{BEBF6EA1-7D3F-4D30-8183-96DF5C2514FF}"
EndProject
Project("{9A19103F-16F7-4668-BE54-9A1E7A4F7556}") = "R5T.L0047.F000", "..\..\R5T.L0047\source\R5T.L0047.F000\R5T.L0047.F000.csproj", "{55A90D7B-1FBB-49FD-932B-68D5F3860A0F}"
EndProject
Project("{9A19103F-16F7-4668-BE54-9A1E7A4F7556}") = "R5T.L0047.O001", "..\..\R5T.L0047\source\R5T.L0047.O001\R5T.L0047.O001.csproj", "{A5180035-602E-4A00-96A2-F7E714954E62}"
EndProject
Project("{9A19103F-16F7-4668-BE54-9A1E7A4F7556}") = "R5T.L0047.T000", "..\..\R5T.L0047\source\R5T.L0047.T000\R5T.L0047.T000.csproj", "{4C08AF86-EC1D-4035-B42E-CD71BEFEBDFA}"
EndProject
Project("{9A19103F-16F7-4668-BE54-9A1E7A4F7556}") = "R5T.L0047", "..\..\R5T.L0047\source\R5T.L0047\R5T.L0047.csproj", "{8192C9C7-0FCC-4F0E-9F48-45682E87FF9B}"
EndProject
Project("{9A19103F-16F7-4668-BE54-9A1E7A4F7556}") = "R5T.NG0002", "..\..\R5T.NG0002\source\R5T.NG0002\R5T.NG0002.csproj", "{ED48F929-68A6-413B-827F-9C2B15C884C5}"
EndProject
Project("{9A19103F-16F7-4668-BE54-9A1E7A4F7556}") = "R5T.NG0005", "..\..\R5T.NG0005\source\R5T.NG0005\R5T.NG0005.csproj", "{1F4C15B0-5281-462D-AB1A-CA5DE11AA063}"
EndProject
Project("{9A19103F-16F7-4668-BE54-9A1E7A4F7556}") = "R5T.NG0006", "..\..\R5T.NG0006\source\R5T.NG0006\R5T.NG0006.csproj", "{8D09C9EF-215C-4959-A773-CE141A393569}"
EndProject
Project("{9A19103F-16F7-4668-BE54-9A1E7A4F7556}") = "R5T.NG0007", "..\..\R5T.NG0007\source\R5T.NG0007\R5T.NG0007.csproj", "{43D3E404-BFC1-4FF9-904A-25E8BFB569A9}"
EndProject
Project("{9A19103F-16F7-4668-BE54-9A1E7A4F7556}") = "R5T.NG0008", "..\..\R5T.NG0008\source\R5T.NG0008\R5T.NG0008.csproj", "{F42A2630-AD6B-4124-802C-D2605FD40FBA}"
EndProject
Project("{9A19103F-16F7-4668-BE54-9A1E7A4F7556}") = "R5T.NG0009", "..\..\R5T.NG0009\source\R5T.NG0009\R5T.NG0009.csproj", "{53041F7C-5C88-4E77-B293-AFF401F1E122}"
EndProject
Project("{9A19103F-16F7-4668-BE54-9A1E7A4F7556}") = "R5T.NG0014", "..\..\R5T.NG0014\source\R5T.NG0014\R5T.NG0014.csproj", "{0E790281-9C9F-4913-A18D-542E3A28998F}"
EndProject
Project("{9A19103F-16F7-4668-BE54-9A1E7A4F7556}") = "R5T.O0016", "..\..\R5T.O0016\source\R5T.O0016\R5T.O0016.csproj", "{41C47A40-AA33-441E-AC7D-62CA99D1799B}"
EndProject
Project("{9A19103F-16F7-4668-BE54-9A1E7A4F7556}") = "R5T.T0046", "..\..\R5T.T0046\source\R5T.T0046\R5T.T0046.csproj", "{F40CE9AC-0F13-4500-80C3-8ED3BC276EDF}"
EndProject
Project("{9A19103F-16F7-4668-BE54-9A1E7A4F7556}") = "R5T.T0137", "..\..\R5T.T0137\source\R5T.T0137\R5T.T0137.csproj", "{F7872551-228D-466A-9B7B-2686F52C06FF}"
EndProject
Project("{9A19103F-16F7-4668-BE54-9A1E7A4F7556}") = "R5T.T0144", "..\..\R5T.T0144\source\R5T.T0144\R5T.T0144.csproj", "{FF15E8CA-FBC6-4F3F-A38A-EF2C9FBBE6D2}"
EndProject
Project("{9A19103F-16F7-4668-BE54-9A1E7A4F7556}") = "R5T.T0148", "..\..\R5T.T0148\source\R5T.T0148\R5T.T0148.csproj", "{F4720F43-57F0-49F1-AC3C-78579E258C86}"
EndProject
Project("{9A19103F-16F7-4668-BE54-9A1E7A4F7556}") = "R5T.T0150", "..\..\R5T.T0150\source\R5T.T0150\R5T.T0150.csproj", "{169C3F0B-49CC-4CCA-9FF7-FCAFE4D496D3}"
EndProject
Project("{9A19103F-16F7-4668-BE54-9A1E7A4F7556}") = "R5T.T0151", "..\..\R5T.T0151\source\R5T.T0151\R5T.T0151.csproj", "{F1C7C673-BDD5-4DBD-BB3E-A162F7C0592F}"
EndProject
Project("{9A19103F-16F7-4668-BE54-9A1E7A4F7556}") = "R5T.T0152", "..\..\R5T.T0152\source\R5T.T0152\R5T.T0152.csproj", "{598A1196-35E5-467D-926C-7E78F6CD4AFD}"
EndProject
Project("{9A19103F-16F7-4668-BE54-9A1E7A4F7556}") = "R5T.T0153.Z001", "..\..\R5T.T0153\source\R5T.T0153.Z001\R5T.T0153.Z001.csproj", "{77C78296-A878-4E01-A1D3-EA56E40FAC26}"
EndProject
Project("{9A19103F-16F7-4668-BE54-9A1E7A4F7556}") = "R5T.T0153", "..\..\R5T.T0153\source\R5T.T0153\R5T.T0153.csproj", "{A2BE198D-DD63-4050-919D-4D86EFEEB152}"
EndProject
Project("{9A19103F-16F7-4668-BE54-9A1E7A4F7556}") = "R5T.T0154", "..\..\R5T.T0154\source\R5T.T0154\R5T.T0154.csproj", "{2D9AFA49-669B-43B9-A545-39A2121869FF}"
EndProject
Project("{9A19103F-16F7-4668-BE54-9A1E7A4F7556}") = "R5T.T0158.F000", "..\..\R5T.T0158\source\R5T.T0158.F000\R5T.T0158.F000.csproj", "{37F77B61-52EC-4165-9E50-D282FEB73EEB}"
EndProject
Project("{9A19103F-16F7-4668-BE54-9A1E7A4F7556}") = "R5T.T0158.T000", "..\..\R5T.T0158\source\R5T.T0158.T000\R5T.T0158.T000.csproj", "{BFF476EA-A4F2-4149-BC01-E117E4DECE72}"
EndProject
Project("{9A19103F-16F7-4668-BE54-9A1E7A4F7556}") = "R5T.T0158", "..\..\R5T.T0158\source\R5T.T0158\R5T.T0158.csproj", "{5104EDA6-8BFE-48D3-BF21-F1B6C5ECB15A}"
EndProject
Project("{9A19103F-16F7-4668-BE54-9A1E7A4F7556}") = "R5T.T0159.F000", "..\..\R5T.T0159\source\R5T.T0159.F000\R5T.T0159.F000.csproj", "{86B56197-2F34-4DA5-8186-F9C31B28A7F4}"
EndProject
Project("{9A19103F-16F7-4668-BE54-9A1E7A4F7556}") = "R5T.T0159", "..\..\R5T.T0159\source\R5T.T0159\R5T.T0159.csproj", "{49403A86-DD21-4F1E-8851-61AEC3BE3B5E}"
EndProject
Project("{9A19103F-16F7-4668-BE54-9A1E7A4F7556}") = "R5T.T0161", "..\..\R5T.T0161\source\R5T.T0161\R5T.T0161.csproj", "{351B23AC-C918-41C4-9274-1EB77D6C55BE}"
EndProject
Project("{9A19103F-16F7-4668-BE54-9A1E7A4F7556}") = "R5T.T0172", "..\..\R5T.T0172\source\R5T.T0172\R5T.T0172.csproj", "{FA21ECDC-7036-487D-AD99-A2DF4D706125}"
EndProject
Project("{9A19103F-16F7-4668-BE54-9A1E7A4F7556}") = "R5T.T0175", "..\..\R5T.T0175\source\R5T.T0175\R5T.T0175.csproj", "{521287FD-3BE0-4817-B3AE-679D8CDCEDBD}"
EndProject
Project("{9A19103F-16F7-4668-BE54-9A1E7A4F7556}") = "R5T.T0184", "..\..\R5T.T0184\source\R5T.T0184\R5T.T0184.csproj", "{7C49536C-8FE9-43BD-8296-E44B5F1292B0}"
EndProject
Project("{9A19103F-16F7-4668-BE54-9A1E7A4F7556}") = "R5T.T0186", "..\..\R5T.T0186\source\R5T.T0186\R5T.T0186.csproj", "{6806FCDD-4685-478C-8FF2-83713750C031}"
EndProject
Project("{9A19103F-16F7-4668-BE54-9A1E7A4F7556}") = "R5T.T0187", "..\..\R5T.T0187\source\R5T.T0187\R5T.T0187.csproj", "{E5649480-970E-42FB-84E0-A9CC6E5704AD}"
EndProject
Project("{9A19103F-16F7-4668-BE54-9A1E7A4F7556}") = "R5T.T0188", "..\..\R5T.T0188\source\R5T.T0188\R5T.T0188.csproj", "{28F2EC2F-6173-4FF2-831B-F26148530367}"
EndProject
Project("{9A19103F-16F7-4668-BE54-9A1E7A4F7556}") = "R5T.T0189", "..\..\R5T.T0189\source\R5T.T0189\R5T.T0189.csproj", "{497EBF4B-A628-46AA-8BDC-7103EB88E1C5}"
EndProject
Project("{9A19103F-16F7-4668-BE54-9A1E7A4F7556}") = "R5T.T0190", "..\..\R5T.T0190\source\R5T.T0190\R5T.T0190.csproj", "{1CEF1617-900F-4751-9ADE-FF1673F0FCCE}"
EndProject
Project("{9A19103F-16F7-4668-BE54-9A1E7A4F7556}") = "R5T.T0191", "..\..\R5T.T0191\source\R5T.T0191\R5T.T0191.csproj", "{8C643451-6C06-48C2-82BF-38A4BB4B1169}"
EndProject
Project("{9A19103F-16F7-4668-BE54-9A1E7A4F7556}") = "R5T.T0192", "..\..\R5T.T0192\source\R5T.T0192\R5T.T0192.csproj", "{0630A66B-5B69-4F16-A761-F35C61FFC5EC}"
EndProject
Project("{9A19103F-16F7-4668-BE54-9A1E7A4F7556}") = "R5T.T0194", "..\..\R5T.T0194\source\R5T.T0194\R5T.T0194.csproj", "{48CC877A-64C1-4CAB-8253-5E796EAD0ACC}"
EndProject
Project("{9A19103F-16F7-4668-BE54-9A1E7A4F7556}") = "R5T.T0196", "..\..\R5T.T0196\source\R5T.T0196\R5T.T0196.csproj", "{01663D1C-4847-434F-95A7-CD176E2FA8FE}"
EndProject
Project("{9A19103F-16F7-4668-BE54-9A1E7A4F7556}") = "R5T.T0197", "..\..\R5T.T0197\source\R5T.T0197\R5T.T0197.csproj", "{842C4E21-741F-4E7E-8DCC-D44DB4489B7B}"
EndProject
Project("{9A19103F-16F7-4668-BE54-9A1E7A4F7556}") = "R5T.T0198", "..\..\R5T.T0198\source\R5T.T0198\R5T.T0198.csproj", "{27927367-196A-47D9-BE8C-3B08C1AB0C85}"
EndProject
Project("{9A19103F-16F7-4668-BE54-9A1E7A4F7556}") = "R5T.T0200", "..\..\R5T.T0200\source\R5T.T0200\R5T.T0200.csproj", "{CCF17219-8D52-4E85-88CA-D73CEBCFDFFE}"
EndProject
Project("{9A19103F-16F7-4668-BE54-9A1E7A4F7556}") = "R5T.T0209", "..\..\R5T.T0209\source\R5T.T0209\R5T.T0209.csproj", "{71097854-B3B5-4563-A19C-0CA76E082C6C}"
EndProject
Project("{9A19103F-16F7-4668-BE54-9A1E7A4F7556}") = "R5T.T0218", "..\..\R5T.T0218\source\R5T.T0218\R5T.T0218.csproj", "{C6799F68-CCBF-482D-946A-F8FBC1E326A8}"
EndProject
Project("{9A19103F-16F7-4668-BE54-9A1E7A4F7556}") = "R5T.Y0004", "..\..\R5T.Y0004\source\R5T.Y0004\R5T.Y0004.csproj", "{E93979DF-7B0F-4539-A6C5-0B0E521D7D1B}"
EndProject
Project("{9A19103F-16F7-4668-BE54-9A1E7A4F7556}") = "R5T.Z0005", "..\..\R5T.Z0005\source\R5T.Z0005\R5T.Z0005.csproj", "{812D13B7-A850-49DC-8D63-D885635BC65D}"
EndProject
Project("{9A19103F-16F7-4668-BE54-9A1E7A4F7556}") = "R5T.Z0006", "..\..\R5T.Z0006\source\R5T.Z0006\R5T.Z0006.csproj", "{0AD643ED-0F98-47FB-956C-8A00D99FD25A}"
EndProject
Project("{9A19103F-16F7-4668-BE54-9A1E7A4F7556}") = "R5T.Z0007", "..\..\R5T.Z0007\source\R5T.Z0007\R5T.Z0007.csproj", "{B3834230-A741-459D-9074-9D061451B41A}"
EndProject
Project("{9A19103F-16F7-4668-BE54-9A1E7A4F7556}") = "R5T.Z0009", "..\..\R5T.Z0009\source\R5T.Z0009\R5T.Z0009.csproj", "{66432E03-F3EE-4A10-ADA9-59B20DC615ED}"
EndProject
Project("{9A19103F-16F7-4668-BE54-9A1E7A4F7556}") = "R5T.Z0013", "..\..\R5T.Z0013\source\R5T.Z0013\R5T.Z0013.csproj", "{E7D0CD0F-08EA-4BF6-9645-B9E7FF0FB72F}"
EndProject
Project("{9A19103F-16F7-4668-BE54-9A1E7A4F7556}") = "R5T.Z0018", "..\..\R5T.Z0018.Private\source\R5T.Z0018\R5T.Z0018.csproj", "{B2C193D2-F473-4733-B796-5B44486C9A9F}"
EndProject
Project("{9A19103F-16F7-4668-BE54-9A1E7A4F7556}") = "R5T.Z0020", "..\..\R5T.Z0020\source\R5T.Z0020\R5T.Z0020.csproj", "{9A70FADA-7E18-4762-A680-B2C43F84E1E9}"
EndProject
Project("{9A19103F-16F7-4668-BE54-9A1E7A4F7556}") = "R5T.Z0023", "..\..\R5T.Z0023\source\R5T.Z0023\R5T.Z0023.csproj", "{0ABD59F2-435C-4229-969F-A63DDF7BBF10}"
EndProject
Project("{9A19103F-16F7-4668-BE54-9A1E7A4F7556}") = "R5T.Z0036", "..\..\R5T.Z0036\source\R5T.Z0036\R5T.Z0036.csproj", "{4238E4DB-DE72-4A2C-BD20-EBE7BE2A76B2}"
EndProject
Project("{9A19103F-16F7-4668-BE54-9A1E7A4F7556}") = "R5T.Z0043", "..\..\R5T.Z0043\source\R5T.Z0043\R5T.Z0043.csproj", "{7641C8BF-0133-4B08-A5A2-63CF428BE992}"
EndProject
Project("{9A19103F-16F7-4668-BE54-9A1E7A4F7556}") = "R5T.Z0044.Z001", "..\..\R5T.Z0044\source\R5T.Z0044.Z001\R5T.Z0044.Z001.csproj", "{4C45CC21-1716-42CA-A5D3-6A404BFC0541}"
EndProject
Project("{9A19103F-16F7-4668-BE54-9A1E7A4F7556}") = "R5T.Z0046", "..\..\R5T.Z0046\source\R5T.Z0046\R5T.Z0046.csproj", "{5F5FF135-7EEC-45D7-B107-0D42ECDE43AC}"
EndProject
Project("{9A19103F-16F7-4668-BE54-9A1E7A4F7556}") = "R5T.O0028", "..\..\R5T.O0028\source\R5T.O0028\R5T.O0028.csproj", "{48C8414E-80B7-495D-A8B6-01DFD93DE3BE}"
EndProject
Project("{9A19103F-16F7-4668-BE54-9A1E7A4F7556}") = "R5T.T0222", "..\..\R5T.T0222\source\R5T.T0222\R5T.T0222.csproj", "{1556003C-1C2F-4E47-A586-749B9B3228BF}"
EndProject
Project("{9A19103F-16F7-4668-BE54-9A1E7A4F7556}") = "R5T.Z0059", "..\..\R5T.Z0059\source\R5T.Z0059\R5T.Z0059.csproj", "{EEBD98B9-B8E7-4ED6-9B82-40794D07FCA1}"
EndProject
Project("{9A19103F-16F7-4668-BE54-9A1E7A4F7556}") = "R5T.F0142", "..\..\R5T.F0142\source\R5T.F0142\R5T.F0142.csproj", "{DBBE9560-CCE3-4923-BDAF-DB259A8F2D58}"
EndProject
Project("{9A19103F-16F7-4668-BE54-9A1E7A4F7556}") = "R5T.L0043.F000", "..\..\R5T.L0043\source\R5T.L0043.F000\R5T.L0043.F000.csproj", "{7E8A9CC0-FDD2-4D3B-B924-532104EA9DA7}"
EndProject
Project("{9A19103F-16F7-4668-BE54-9A1E7A4F7556}") = "R5T.L0043.F001", "..\..\R5T.L0043\source\R5T.L0043.F001\R5T.L0043.F001.csproj", "{17EAE564-E12E-4BE8-A0B8-1FB08083036F}"
EndProject
Project("{9A19103F-16F7-4668-BE54-9A1E7A4F7556}") = "R5T.L0043.T000", "..\..\R5T.L0043\source\R5T.L0043.T000\R5T.L0043.T000.csproj", "{9AAAFBA3-E912-4106-924A-5E3F6103B53F}"
EndProject
Project("{9A19103F-16F7-4668-BE54-9A1E7A4F7556}") = "R5T.L0043.Z000", "..\..\R5T.L0043\source\R5T.L0043.Z000\R5T.L0043.Z000.csproj", "{1A224324-46AB-4B9A-BE5F-8699E2C11337}"
EndProject
Project("{9A19103F-16F7-4668-BE54-9A1E7A4F7556}") = "R5T.L0043.Z002", "..\..\R5T.L0043\source\R5T.L0043.Z002\R5T.L0043.Z002.csproj", "{7E7A72B3-8EB8-4753-8E67-C6354D32F16F}"
EndProject
Global
	GlobalSection(NestedProjects) = preSolution
		{1D32CD09-74DD-457C-8937-1D25FFE2643D} = {A009839B-80C5-4F44-94D9-04BA945CA310}
		{33736A12-5A52-4F03-A767-391972586EE0} = {A009839B-80C5-4F44-94D9-04BA945CA310}
		{47860BD0-1E57-4293-B3E0-CC96AADFB016} = {A009839B-80C5-4F44-94D9-04BA945CA310}
		{1218564F-82B6-4398-A172-914DC1B1C996} = {A009839B-80C5-4F44-94D9-04BA945CA310}
		{1D4E6D48-E0BF-4D06-B3AF-86968FA5F303} = {A009839B-80C5-4F44-94D9-04BA945CA310}
		{B4D2A5EC-FA9D-4FE7-BCC9-62435F0D3129} = {A009839B-80C5-4F44-94D9-04BA945CA310}
		{C980C6A8-06B2-4352-BC07-B600880C90A3} = {A009839B-80C5-4F44-94D9-04BA945CA310}
		{E7E6C62B-8FD6-4C70-96B7-7A211832A063} = {A009839B-80C5-4F44-94D9-04BA945CA310}
		{D25148B0-A557-4E93-896B-EF0AC3832736} = {A009839B-80C5-4F44-94D9-04BA945CA310}
		{6D98A547-E626-44F6-88EA-699D008408B8} = {A009839B-80C5-4F44-94D9-04BA945CA310}
		{10812C3C-A0C0-4F14-8F8D-FEA9B96AE2F5} = {A009839B-80C5-4F44-94D9-04BA945CA310}
		{724521E6-669F-42AD-9A92-C4D4D2E55EBF} = {A009839B-80C5-4F44-94D9-04BA945CA310}
		{8FEAE957-3AEE-49C9-8F7B-C377F10B2BBA} = {A009839B-80C5-4F44-94D9-04BA945CA310}
		{1E4E2A5F-874B-4EA5-AC1E-EE7A45AB099E} = {A009839B-80C5-4F44-94D9-04BA945CA310}
		{F19DBC47-8460-4657-AD65-97C9AE36BF88} = {A009839B-80C5-4F44-94D9-04BA945CA310}
		{E4D39D64-C0D1-4642-93B3-35AB712A656E} = {A009839B-80C5-4F44-94D9-04BA945CA310}
		{BA950815-4D9C-444E-90F3-960E50B28314} = {A009839B-80C5-4F44-94D9-04BA945CA310}
		{4B86F7B6-1D3C-4D39-A9FE-F6229A050C0A} = {A009839B-80C5-4F44-94D9-04BA945CA310}
		{130EFB2A-3B44-4049-AC4C-856787FB3B09} = {A009839B-80C5-4F44-94D9-04BA945CA310}
		{B8FBB5C2-C554-4CA1-A961-DE7F10D98162} = {A009839B-80C5-4F44-94D9-04BA945CA310}
		{94D9C244-5C8A-467F-8073-D76BBB728C9F} = {A009839B-80C5-4F44-94D9-04BA945CA310}
		{7CF6FDD0-D5B9-42EE-AD1E-7F5F6A883832} = {A009839B-80C5-4F44-94D9-04BA945CA310}
		{DF48B283-16F3-47BE-935C-3A9EDBF8B5A8} = {A009839B-80C5-4F44-94D9-04BA945CA310}
		{D1664D33-8873-4C75-8C54-5E3E8EA8D816} = {A009839B-80C5-4F44-94D9-04BA945CA310}
		{E904313F-A5A8-4F28-AD47-D2F1F2A8CF27} = {A009839B-80C5-4F44-94D9-04BA945CA310}
		{F2A14D33-6859-4CF8-9504-183D935462CE} = {A009839B-80C5-4F44-94D9-04BA945CA310}
		{9F1DF162-EB88-43BA-90EC-7DE8C67AD01B} = {A009839B-80C5-4F44-94D9-04BA945CA310}
		{A5879CE8-9A9A-4EF5-87EA-73790BFF0D4E} = {A009839B-80C5-4F44-94D9-04BA945CA310}
		{2B824F9B-4186-48C2-9574-A1CE4F560C09} = {A009839B-80C5-4F44-94D9-04BA945CA310}
		{E7063E83-B78D-4A8E-9DBE-050FF020826A} = {A009839B-80C5-4F44-94D9-04BA945CA310}
		{7D6AEE52-4425-49C2-B7DC-A5B196FE107D} = {A009839B-80C5-4F44-94D9-04BA945CA310}
		{66ED018C-B15D-414C-BB5B-015C3410EF29} = {A009839B-80C5-4F44-94D9-04BA945CA310}
		{4F2100F4-3A0C-48E4-9FCA-BCF117D01AD3} = {A009839B-80C5-4F44-94D9-04BA945CA310}
		{4B591FF4-AFF1-480E-850B-954C0CBEF635} = {A009839B-80C5-4F44-94D9-04BA945CA310}
		{6DC09B80-EAC4-44C0-BCBC-FB66090B07B9} = {A009839B-80C5-4F44-94D9-04BA945CA310}
		{3B09C6C4-8A12-4017-A8C3-6FA3EBD2F326} = {A009839B-80C5-4F44-94D9-04BA945CA310}
		{87722C6A-C885-41E0-BF1A-4A88D9E47CA7} = {A009839B-80C5-4F44-94D9-04BA945CA310}
		{37992B4F-D000-4048-93E9-F86CA01BEF2C} = {A009839B-80C5-4F44-94D9-04BA945CA310}
		{612503A7-D0D3-4B0C-BE3E-A395D97DD9D7} = {A009839B-80C5-4F44-94D9-04BA945CA310}
		{0B4406C0-35B5-4438-8036-C2149EC3EE16} = {A009839B-80C5-4F44-94D9-04BA945CA310}
		{0AFCFA23-9439-4157-8577-6DB47E901827} = {A009839B-80C5-4F44-94D9-04BA945CA310}
		{7E02C51D-013D-4DE1-90FF-C890931BBC9D} = {A009839B-80C5-4F44-94D9-04BA945CA310}
		{3C07D6F8-5EA1-4751-A337-9320343318B9} = {A009839B-80C5-4F44-94D9-04BA945CA310}
		{BF342961-8F0A-4FEF-A62A-37D645C31A07} = {A009839B-80C5-4F44-94D9-04BA945CA310}
		{9BEE4800-285B-4E08-8F0F-C30F5182EEFC} = {A009839B-80C5-4F44-94D9-04BA945CA310}
		{F76D5D36-1E35-40BC-A024-A4856BA1D2F4} = {A009839B-80C5-4F44-94D9-04BA945CA310}
		{579E44E1-6CDA-43C6-8ADD-6910BD70E67F} = {A009839B-80C5-4F44-94D9-04BA945CA310}
		{70C2BEEF-3F97-4C1F-A8FF-A02873FB7871} = {A009839B-80C5-4F44-94D9-04BA945CA310}
		{9D3C3CC5-B5F3-496B-ADA0-D4260043DDE5} = {A009839B-80C5-4F44-94D9-04BA945CA310}
		{6FDF3B80-E1F6-4A32-88A8-1C3A92EE1E6C} = {A009839B-80C5-4F44-94D9-04BA945CA310}
		{F7B451F7-F8D7-4D72-9A97-252AF95EBCDE} = {A009839B-80C5-4F44-94D9-04BA945CA310}
		{9A66CF43-82EF-4857-8030-8335DF36440E} = {A009839B-80C5-4F44-94D9-04BA945CA310}
		{158C2097-869C-46F2-9E8C-0C2D9084B0D0} = {A009839B-80C5-4F44-94D9-04BA945CA310}
		{3D2B4011-8F7E-42F2-A271-CDCAA9610AD3} = {A009839B-80C5-4F44-94D9-04BA945CA310}
		{5D06462F-96CB-4B2C-95A6-2AB34E8DDDBA} = {A009839B-80C5-4F44-94D9-04BA945CA310}
		{E5CB050A-FC12-4558-A0A0-CAD25E32AB74} = {A009839B-80C5-4F44-94D9-04BA945CA310}
		{6F44D00B-A327-4134-A830-6245E0DB0896} = {A009839B-80C5-4F44-94D9-04BA945CA310}
		{4048A2EB-3A2F-41C5-9FE3-7F6D9646089E} = {A009839B-80C5-4F44-94D9-04BA945CA310}
		{71D74549-AC91-4B6D-80EC-EE9C30DD453F} = {A009839B-80C5-4F44-94D9-04BA945CA310}
		{0F8A200B-60DA-4C80-B7D2-8744BA28C8D2} = {A009839B-80C5-4F44-94D9-04BA945CA310}
		{233CBC4B-6BFB-4B4B-A7DC-FC8AF78B02A4} = {A009839B-80C5-4F44-94D9-04BA945CA310}
		{B7492362-CC4A-4BC0-BF11-C9139DD5DA09} = {A009839B-80C5-4F44-94D9-04BA945CA310}
		{9F7D58F7-13D5-4995-8556-6C9542032DA1} = {A009839B-80C5-4F44-94D9-04BA945CA310}
		{754E0CAF-7068-4087-ACF7-7D6DE38FC9D6} = {A009839B-80C5-4F44-94D9-04BA945CA310}
		{220C3A7C-7461-41A5-A4C4-B1E8922632EE} = {A009839B-80C5-4F44-94D9-04BA945CA310}
		{7D518FB7-52B2-4B58-B3E2-BAF633C24C40} = {A009839B-80C5-4F44-94D9-04BA945CA310}
		{3B83E399-A75A-4CE4-9CA6-8A38AF3D3DD1} = {A009839B-80C5-4F44-94D9-04BA945CA310}
		{CFB64AB2-7900-44E0-AD95-F627A2F32013} = {A009839B-80C5-4F44-94D9-04BA945CA310}
		{A06B4CF5-8FFE-4F90-ADBB-651970509436} = {A009839B-80C5-4F44-94D9-04BA945CA310}
		{95D38B8B-F6E7-4431-97CF-2BF28E143EE9} = {A009839B-80C5-4F44-94D9-04BA945CA310}
		{9D181AFD-BFD1-4B07-A580-54719C8D19F3} = {A009839B-80C5-4F44-94D9-04BA945CA310}
		{D7DE7FC2-0D64-4B96-8053-FD25D2882148} = {A009839B-80C5-4F44-94D9-04BA945CA310}
		{0B67842C-3818-4D40-B8BE-A34912BEE29A} = {A009839B-80C5-4F44-94D9-04BA945CA310}
		{0BDCAEA0-9A12-43BA-A440-D7E5AF8BC1F1} = {A009839B-80C5-4F44-94D9-04BA945CA310}
		{42E1AD52-38C2-4F53-979B-988223233444} = {A009839B-80C5-4F44-94D9-04BA945CA310}
		{CBB3329A-F69C-474C-B261-C642C7FC8DFD} = {A009839B-80C5-4F44-94D9-04BA945CA310}
		{0C899867-37BE-441D-BB17-33E1DCB80256} = {A009839B-80C5-4F44-94D9-04BA945CA310}
		{A40259C4-4159-44D2-918B-C73BE82EF42E} = {A009839B-80C5-4F44-94D9-04BA945CA310}
		{581FA3F1-D44F-48C4-890A-FEC9EF412917} = {A009839B-80C5-4F44-94D9-04BA945CA310}
		{259B2C29-5AA4-454F-95BB-F2C688DF8E5F} = {A009839B-80C5-4F44-94D9-04BA945CA310}
		{92CE5096-19A5-48C9-AA56-03C7D7F090E9} = {A009839B-80C5-4F44-94D9-04BA945CA310}
		{210C2F06-7D05-4976-BFEF-1CFE1829AA09} = {A009839B-80C5-4F44-94D9-04BA945CA310}
		{D2B00EAB-1879-41EF-9264-80E6328DF47B} = {A009839B-80C5-4F44-94D9-04BA945CA310}
		{AEE0F134-DFA2-4181-9F39-867D9B8B2174} = {A009839B-80C5-4F44-94D9-04BA945CA310}
		{DAEEF108-42EE-4681-8A6D-48C1620DE72E} = {A009839B-80C5-4F44-94D9-04BA945CA310}
		{5AF607F0-DEDF-46E3-B1F9-BB115EE48CA7} = {A009839B-80C5-4F44-94D9-04BA945CA310}
		{15F69E36-0393-48AF-A25E-E8A1C9AEF187} = {A009839B-80C5-4F44-94D9-04BA945CA310}
		{4E3AD612-3E5B-4BBD-B3D5-7235213AA8FB} = {A009839B-80C5-4F44-94D9-04BA945CA310}
		{06AD54A9-AFB6-4268-A37B-686A3AEBC57C} = {A009839B-80C5-4F44-94D9-04BA945CA310}
		{BEBF6EA1-7D3F-4D30-8183-96DF5C2514FF} = {A009839B-80C5-4F44-94D9-04BA945CA310}
		{55A90D7B-1FBB-49FD-932B-68D5F3860A0F} = {A009839B-80C5-4F44-94D9-04BA945CA310}
		{A5180035-602E-4A00-96A2-F7E714954E62} = {A009839B-80C5-4F44-94D9-04BA945CA310}
		{4C08AF86-EC1D-4035-B42E-CD71BEFEBDFA} = {A009839B-80C5-4F44-94D9-04BA945CA310}
		{8192C9C7-0FCC-4F0E-9F48-45682E87FF9B} = {A009839B-80C5-4F44-94D9-04BA945CA310}
		{ED48F929-68A6-413B-827F-9C2B15C884C5} = {A009839B-80C5-4F44-94D9-04BA945CA310}
		{1F4C15B0-5281-462D-AB1A-CA5DE11AA063} = {A009839B-80C5-4F44-94D9-04BA945CA310}
		{8D09C9EF-215C-4959-A773-CE141A393569} = {A009839B-80C5-4F44-94D9-04BA945CA310}
		{43D3E404-BFC1-4FF9-904A-25E8BFB569A9} = {A009839B-80C5-4F44-94D9-04BA945CA310}
		{F42A2630-AD6B-4124-802C-D2605FD40FBA} = {A009839B-80C5-4F44-94D9-04BA945CA310}
		{53041F7C-5C88-4E77-B293-AFF401F1E122} = {A009839B-80C5-4F44-94D9-04BA945CA310}
		{0E790281-9C9F-4913-A18D-542E3A28998F} = {A009839B-80C5-4F44-94D9-04BA945CA310}
		{41C47A40-AA33-441E-AC7D-62CA99D1799B} = {A009839B-80C5-4F44-94D9-04BA945CA310}
		{F40CE9AC-0F13-4500-80C3-8ED3BC276EDF} = {A009839B-80C5-4F44-94D9-04BA945CA310}
		{F7872551-228D-466A-9B7B-2686F52C06FF} = {A009839B-80C5-4F44-94D9-04BA945CA310}
		{FF15E8CA-FBC6-4F3F-A38A-EF2C9FBBE6D2} = {A009839B-80C5-4F44-94D9-04BA945CA310}
		{F4720F43-57F0-49F1-AC3C-78579E258C86} = {A009839B-80C5-4F44-94D9-04BA945CA310}
		{169C3F0B-49CC-4CCA-9FF7-FCAFE4D496D3} = {A009839B-80C5-4F44-94D9-04BA945CA310}
		{F1C7C673-BDD5-4DBD-BB3E-A162F7C0592F} = {A009839B-80C5-4F44-94D9-04BA945CA310}
		{598A1196-35E5-467D-926C-7E78F6CD4AFD} = {A009839B-80C5-4F44-94D9-04BA945CA310}
		{77C78296-A878-4E01-A1D3-EA56E40FAC26} = {A009839B-80C5-4F44-94D9-04BA945CA310}
		{A2BE198D-DD63-4050-919D-4D86EFEEB152} = {A009839B-80C5-4F44-94D9-04BA945CA310}
		{2D9AFA49-669B-43B9-A545-39A2121869FF} = {A009839B-80C5-4F44-94D9-04BA945CA310}
		{37F77B61-52EC-4165-9E50-D282FEB73EEB} = {A009839B-80C5-4F44-94D9-04BA945CA310}
		{BFF476EA-A4F2-4149-BC01-E117E4DECE72} = {A009839B-80C5-4F44-94D9-04BA945CA310}
		{5104EDA6-8BFE-48D3-BF21-F1B6C5ECB15A} = {A009839B-80C5-4F44-94D9-04BA945CA310}
		{86B56197-2F34-4DA5-8186-F9C31B28A7F4} = {A009839B-80C5-4F44-94D9-04BA945CA310}
		{49403A86-DD21-4F1E-8851-61AEC3BE3B5E} = {A009839B-80C5-4F44-94D9-04BA945CA310}
		{351B23AC-C918-41C4-9274-1EB77D6C55BE} = {A009839B-80C5-4F44-94D9-04BA945CA310}
		{FA21ECDC-7036-487D-AD99-A2DF4D706125} = {A009839B-80C5-4F44-94D9-04BA945CA310}
		{521287FD-3BE0-4817-B3AE-679D8CDCEDBD} = {A009839B-80C5-4F44-94D9-04BA945CA310}
		{7C49536C-8FE9-43BD-8296-E44B5F1292B0} = {A009839B-80C5-4F44-94D9-04BA945CA310}
		{6806FCDD-4685-478C-8FF2-83713750C031} = {A009839B-80C5-4F44-94D9-04BA945CA310}
		{E5649480-970E-42FB-84E0-A9CC6E5704AD} = {A009839B-80C5-4F44-94D9-04BA945CA310}
		{28F2EC2F-6173-4FF2-831B-F26148530367} = {A009839B-80C5-4F44-94D9-04BA945CA310}
		{497EBF4B-A628-46AA-8BDC-7103EB88E1C5} = {A009839B-80C5-4F44-94D9-04BA945CA310}
		{1CEF1617-900F-4751-9ADE-FF1673F0FCCE} = {A009839B-80C5-4F44-94D9-04BA945CA310}
		{8C643451-6C06-48C2-82BF-38A4BB4B1169} = {A009839B-80C5-4F44-94D9-04BA945CA310}
		{0630A66B-5B69-4F16-A761-F35C61FFC5EC} = {A009839B-80C5-4F44-94D9-04BA945CA310}
		{48CC877A-64C1-4CAB-8253-5E796EAD0ACC} = {A009839B-80C5-4F44-94D9-04BA945CA310}
		{01663D1C-4847-434F-95A7-CD176E2FA8FE} = {A009839B-80C5-4F44-94D9-04BA945CA310}
		{842C4E21-741F-4E7E-8DCC-D44DB4489B7B} = {A009839B-80C5-4F44-94D9-04BA945CA310}
		{27927367-196A-47D9-BE8C-3B08C1AB0C85} = {A009839B-80C5-4F44-94D9-04BA945CA310}
		{CCF17219-8D52-4E85-88CA-D73CEBCFDFFE} = {A009839B-80C5-4F44-94D9-04BA945CA310}
		{71097854-B3B5-4563-A19C-0CA76E082C6C} = {A009839B-80C5-4F44-94D9-04BA945CA310}
		{C6799F68-CCBF-482D-946A-F8FBC1E326A8} = {A009839B-80C5-4F44-94D9-04BA945CA310}
		{E93979DF-7B0F-4539-A6C5-0B0E521D7D1B} = {A009839B-80C5-4F44-94D9-04BA945CA310}
		{812D13B7-A850-49DC-8D63-D885635BC65D} = {A009839B-80C5-4F44-94D9-04BA945CA310}
		{0AD643ED-0F98-47FB-956C-8A00D99FD25A} = {A009839B-80C5-4F44-94D9-04BA945CA310}
		{B3834230-A741-459D-9074-9D061451B41A} = {A009839B-80C5-4F44-94D9-04BA945CA310}
		{66432E03-F3EE-4A10-ADA9-59B20DC615ED} = {A009839B-80C5-4F44-94D9-04BA945CA310}
		{E7D0CD0F-08EA-4BF6-9645-B9E7FF0FB72F} = {A009839B-80C5-4F44-94D9-04BA945CA310}
		{B2C193D2-F473-4733-B796-5B44486C9A9F} = {A009839B-80C5-4F44-94D9-04BA945CA310}
		{9A70FADA-7E18-4762-A680-B2C43F84E1E9} = {A009839B-80C5-4F44-94D9-04BA945CA310}
		{0ABD59F2-435C-4229-969F-A63DDF7BBF10} = {A009839B-80C5-4F44-94D9-04BA945CA310}
		{4238E4DB-DE72-4A2C-BD20-EBE7BE2A76B2} = {A009839B-80C5-4F44-94D9-04BA945CA310}
		{7641C8BF-0133-4B08-A5A2-63CF428BE992} = {A009839B-80C5-4F44-94D9-04BA945CA310}
		{4C45CC21-1716-42CA-A5D3-6A404BFC0541} = {A009839B-80C5-4F44-94D9-04BA945CA310}
		{5F5FF135-7EEC-45D7-B107-0D42ECDE43AC} = {A009839B-80C5-4F44-94D9-04BA945CA310}
		{48C8414E-80B7-495D-A8B6-01DFD93DE3BE} = {A009839B-80C5-4F44-94D9-04BA945CA310}
		{1556003C-1C2F-4E47-A586-749B9B3228BF} = {A009839B-80C5-4F44-94D9-04BA945CA310}
		{EEBD98B9-B8E7-4ED6-9B82-40794D07FCA1} = {A009839B-80C5-4F44-94D9-04BA945CA310}
		{DBBE9560-CCE3-4923-BDAF-DB259A8F2D58} = {A009839B-80C5-4F44-94D9-04BA945CA310}
		{7E8A9CC0-FDD2-4D3B-B924-532104EA9DA7} = {A009839B-80C5-4F44-94D9-04BA945CA310}
		{17EAE564-E12E-4BE8-A0B8-1FB08083036F} = {A009839B-80C5-4F44-94D9-04BA945CA310}
		{9AAAFBA3-E912-4106-924A-5E3F6103B53F} = {A009839B-80C5-4F44-94D9-04BA945CA310}
		{1A224324-46AB-4B9A-BE5F-8699E2C11337} = {A009839B-80C5-4F44-94D9-04BA945CA310}
		{7E7A72B3-8EB8-4753-8E67-C6354D32F16F} = {A009839B-80C5-4F44-94D9-04BA945CA310}
	EndGlobalSection
	GlobalSection(SolutionConfigurationPlatforms) = preSolution
		Debug|Any CPU = Debug|Any CPU
		Release|Any CPU = Release|Any CPU
	EndGlobalSection
	GlobalSection(ProjectConfigurationPlatforms) = postSolution
		{8FE84D1E-087C-4339-8597-7D527414C2EB}.Debug|Any CPU.ActiveCfg = Debug|Any CPU
		{8FE84D1E-087C-4339-8597-7D527414C2EB}.Debug|Any CPU.Build.0 = Debug|Any CPU
		{8FE84D1E-087C-4339-8597-7D527414C2EB}.Release|Any CPU.ActiveCfg = Release|Any CPU
		{8FE84D1E-087C-4339-8597-7D527414C2EB}.Release|Any CPU.Build.0 = Release|Any CPU
		{1D32CD09-74DD-457C-8937-1D25FFE2643D}.Debug|Any CPU.ActiveCfg = Debug|Any CPU
		{1D32CD09-74DD-457C-8937-1D25FFE2643D}.Debug|Any CPU.Build.0 = Debug|Any CPU
		{1D32CD09-74DD-457C-8937-1D25FFE2643D}.Release|Any CPU.ActiveCfg = Release|Any CPU
		{1D32CD09-74DD-457C-8937-1D25FFE2643D}.Release|Any CPU.Build.0 = Release|Any CPU
		{33736A12-5A52-4F03-A767-391972586EE0}.Debug|Any CPU.ActiveCfg = Debug|Any CPU
		{33736A12-5A52-4F03-A767-391972586EE0}.Debug|Any CPU.Build.0 = Debug|Any CPU
		{33736A12-5A52-4F03-A767-391972586EE0}.Release|Any CPU.ActiveCfg = Release|Any CPU
		{33736A12-5A52-4F03-A767-391972586EE0}.Release|Any CPU.Build.0 = Release|Any CPU
		{47860BD0-1E57-4293-B3E0-CC96AADFB016}.Debug|Any CPU.ActiveCfg = Debug|Any CPU
		{47860BD0-1E57-4293-B3E0-CC96AADFB016}.Debug|Any CPU.Build.0 = Debug|Any CPU
		{47860BD0-1E57-4293-B3E0-CC96AADFB016}.Release|Any CPU.ActiveCfg = Release|Any CPU
		{47860BD0-1E57-4293-B3E0-CC96AADFB016}.Release|Any CPU.Build.0 = Release|Any CPU
		{1218564F-82B6-4398-A172-914DC1B1C996}.Debug|Any CPU.ActiveCfg = Debug|Any CPU
		{1218564F-82B6-4398-A172-914DC1B1C996}.Debug|Any CPU.Build.0 = Debug|Any CPU
		{1218564F-82B6-4398-A172-914DC1B1C996}.Release|Any CPU.ActiveCfg = Release|Any CPU
		{1218564F-82B6-4398-A172-914DC1B1C996}.Release|Any CPU.Build.0 = Release|Any CPU
		{1D4E6D48-E0BF-4D06-B3AF-86968FA5F303}.Debug|Any CPU.ActiveCfg = Debug|Any CPU
		{1D4E6D48-E0BF-4D06-B3AF-86968FA5F303}.Debug|Any CPU.Build.0 = Debug|Any CPU
		{1D4E6D48-E0BF-4D06-B3AF-86968FA5F303}.Release|Any CPU.ActiveCfg = Release|Any CPU
		{1D4E6D48-E0BF-4D06-B3AF-86968FA5F303}.Release|Any CPU.Build.0 = Release|Any CPU
		{B4D2A5EC-FA9D-4FE7-BCC9-62435F0D3129}.Debug|Any CPU.ActiveCfg = Debug|Any CPU
		{B4D2A5EC-FA9D-4FE7-BCC9-62435F0D3129}.Debug|Any CPU.Build.0 = Debug|Any CPU
		{B4D2A5EC-FA9D-4FE7-BCC9-62435F0D3129}.Release|Any CPU.ActiveCfg = Release|Any CPU
		{B4D2A5EC-FA9D-4FE7-BCC9-62435F0D3129}.Release|Any CPU.Build.0 = Release|Any CPU
		{C980C6A8-06B2-4352-BC07-B600880C90A3}.Debug|Any CPU.ActiveCfg = Debug|Any CPU
		{C980C6A8-06B2-4352-BC07-B600880C90A3}.Debug|Any CPU.Build.0 = Debug|Any CPU
		{C980C6A8-06B2-4352-BC07-B600880C90A3}.Release|Any CPU.ActiveCfg = Release|Any CPU
		{C980C6A8-06B2-4352-BC07-B600880C90A3}.Release|Any CPU.Build.0 = Release|Any CPU
		{E7E6C62B-8FD6-4C70-96B7-7A211832A063}.Debug|Any CPU.ActiveCfg = Debug|Any CPU
		{E7E6C62B-8FD6-4C70-96B7-7A211832A063}.Debug|Any CPU.Build.0 = Debug|Any CPU
		{E7E6C62B-8FD6-4C70-96B7-7A211832A063}.Release|Any CPU.ActiveCfg = Release|Any CPU
		{E7E6C62B-8FD6-4C70-96B7-7A211832A063}.Release|Any CPU.Build.0 = Release|Any CPU
		{D25148B0-A557-4E93-896B-EF0AC3832736}.Debug|Any CPU.ActiveCfg = Debug|Any CPU
		{D25148B0-A557-4E93-896B-EF0AC3832736}.Debug|Any CPU.Build.0 = Debug|Any CPU
		{D25148B0-A557-4E93-896B-EF0AC3832736}.Release|Any CPU.ActiveCfg = Release|Any CPU
		{D25148B0-A557-4E93-896B-EF0AC3832736}.Release|Any CPU.Build.0 = Release|Any CPU
		{6D98A547-E626-44F6-88EA-699D008408B8}.Debug|Any CPU.ActiveCfg = Debug|Any CPU
		{6D98A547-E626-44F6-88EA-699D008408B8}.Debug|Any CPU.Build.0 = Debug|Any CPU
		{6D98A547-E626-44F6-88EA-699D008408B8}.Release|Any CPU.ActiveCfg = Release|Any CPU
		{6D98A547-E626-44F6-88EA-699D008408B8}.Release|Any CPU.Build.0 = Release|Any CPU
		{10812C3C-A0C0-4F14-8F8D-FEA9B96AE2F5}.Debug|Any CPU.ActiveCfg = Debug|Any CPU
		{10812C3C-A0C0-4F14-8F8D-FEA9B96AE2F5}.Debug|Any CPU.Build.0 = Debug|Any CPU
		{10812C3C-A0C0-4F14-8F8D-FEA9B96AE2F5}.Release|Any CPU.ActiveCfg = Release|Any CPU
		{10812C3C-A0C0-4F14-8F8D-FEA9B96AE2F5}.Release|Any CPU.Build.0 = Release|Any CPU
		{724521E6-669F-42AD-9A92-C4D4D2E55EBF}.Debug|Any CPU.ActiveCfg = Debug|Any CPU
		{724521E6-669F-42AD-9A92-C4D4D2E55EBF}.Debug|Any CPU.Build.0 = Debug|Any CPU
		{724521E6-669F-42AD-9A92-C4D4D2E55EBF}.Release|Any CPU.ActiveCfg = Release|Any CPU
		{724521E6-669F-42AD-9A92-C4D4D2E55EBF}.Release|Any CPU.Build.0 = Release|Any CPU
		{8FEAE957-3AEE-49C9-8F7B-C377F10B2BBA}.Debug|Any CPU.ActiveCfg = Debug|Any CPU
		{8FEAE957-3AEE-49C9-8F7B-C377F10B2BBA}.Debug|Any CPU.Build.0 = Debug|Any CPU
		{8FEAE957-3AEE-49C9-8F7B-C377F10B2BBA}.Release|Any CPU.ActiveCfg = Release|Any CPU
		{8FEAE957-3AEE-49C9-8F7B-C377F10B2BBA}.Release|Any CPU.Build.0 = Release|Any CPU
		{1E4E2A5F-874B-4EA5-AC1E-EE7A45AB099E}.Debug|Any CPU.ActiveCfg = Debug|Any CPU
		{1E4E2A5F-874B-4EA5-AC1E-EE7A45AB099E}.Debug|Any CPU.Build.0 = Debug|Any CPU
		{1E4E2A5F-874B-4EA5-AC1E-EE7A45AB099E}.Release|Any CPU.ActiveCfg = Release|Any CPU
		{1E4E2A5F-874B-4EA5-AC1E-EE7A45AB099E}.Release|Any CPU.Build.0 = Release|Any CPU
		{F19DBC47-8460-4657-AD65-97C9AE36BF88}.Debug|Any CPU.ActiveCfg = Debug|Any CPU
		{F19DBC47-8460-4657-AD65-97C9AE36BF88}.Debug|Any CPU.Build.0 = Debug|Any CPU
		{F19DBC47-8460-4657-AD65-97C9AE36BF88}.Release|Any CPU.ActiveCfg = Release|Any CPU
		{F19DBC47-8460-4657-AD65-97C9AE36BF88}.Release|Any CPU.Build.0 = Release|Any CPU
		{E4D39D64-C0D1-4642-93B3-35AB712A656E}.Debug|Any CPU.ActiveCfg = Debug|Any CPU
		{E4D39D64-C0D1-4642-93B3-35AB712A656E}.Debug|Any CPU.Build.0 = Debug|Any CPU
		{E4D39D64-C0D1-4642-93B3-35AB712A656E}.Release|Any CPU.ActiveCfg = Release|Any CPU
		{E4D39D64-C0D1-4642-93B3-35AB712A656E}.Release|Any CPU.Build.0 = Release|Any CPU
		{BA950815-4D9C-444E-90F3-960E50B28314}.Debug|Any CPU.ActiveCfg = Debug|Any CPU
		{BA950815-4D9C-444E-90F3-960E50B28314}.Debug|Any CPU.Build.0 = Debug|Any CPU
		{BA950815-4D9C-444E-90F3-960E50B28314}.Release|Any CPU.ActiveCfg = Release|Any CPU
		{BA950815-4D9C-444E-90F3-960E50B28314}.Release|Any CPU.Build.0 = Release|Any CPU
		{4B86F7B6-1D3C-4D39-A9FE-F6229A050C0A}.Debug|Any CPU.ActiveCfg = Debug|Any CPU
		{4B86F7B6-1D3C-4D39-A9FE-F6229A050C0A}.Debug|Any CPU.Build.0 = Debug|Any CPU
		{4B86F7B6-1D3C-4D39-A9FE-F6229A050C0A}.Release|Any CPU.ActiveCfg = Release|Any CPU
		{4B86F7B6-1D3C-4D39-A9FE-F6229A050C0A}.Release|Any CPU.Build.0 = Release|Any CPU
		{130EFB2A-3B44-4049-AC4C-856787FB3B09}.Debug|Any CPU.ActiveCfg = Debug|Any CPU
		{130EFB2A-3B44-4049-AC4C-856787FB3B09}.Debug|Any CPU.Build.0 = Debug|Any CPU
		{130EFB2A-3B44-4049-AC4C-856787FB3B09}.Release|Any CPU.ActiveCfg = Release|Any CPU
		{130EFB2A-3B44-4049-AC4C-856787FB3B09}.Release|Any CPU.Build.0 = Release|Any CPU
		{B8FBB5C2-C554-4CA1-A961-DE7F10D98162}.Debug|Any CPU.ActiveCfg = Debug|Any CPU
		{B8FBB5C2-C554-4CA1-A961-DE7F10D98162}.Debug|Any CPU.Build.0 = Debug|Any CPU
		{B8FBB5C2-C554-4CA1-A961-DE7F10D98162}.Release|Any CPU.ActiveCfg = Release|Any CPU
		{B8FBB5C2-C554-4CA1-A961-DE7F10D98162}.Release|Any CPU.Build.0 = Release|Any CPU
		{94D9C244-5C8A-467F-8073-D76BBB728C9F}.Debug|Any CPU.ActiveCfg = Debug|Any CPU
		{94D9C244-5C8A-467F-8073-D76BBB728C9F}.Debug|Any CPU.Build.0 = Debug|Any CPU
		{94D9C244-5C8A-467F-8073-D76BBB728C9F}.Release|Any CPU.ActiveCfg = Release|Any CPU
		{94D9C244-5C8A-467F-8073-D76BBB728C9F}.Release|Any CPU.Build.0 = Release|Any CPU
		{7CF6FDD0-D5B9-42EE-AD1E-7F5F6A883832}.Debug|Any CPU.ActiveCfg = Debug|Any CPU
		{7CF6FDD0-D5B9-42EE-AD1E-7F5F6A883832}.Debug|Any CPU.Build.0 = Debug|Any CPU
		{7CF6FDD0-D5B9-42EE-AD1E-7F5F6A883832}.Release|Any CPU.ActiveCfg = Release|Any CPU
		{7CF6FDD0-D5B9-42EE-AD1E-7F5F6A883832}.Release|Any CPU.Build.0 = Release|Any CPU
		{DF48B283-16F3-47BE-935C-3A9EDBF8B5A8}.Debug|Any CPU.ActiveCfg = Debug|Any CPU
		{DF48B283-16F3-47BE-935C-3A9EDBF8B5A8}.Debug|Any CPU.Build.0 = Debug|Any CPU
		{DF48B283-16F3-47BE-935C-3A9EDBF8B5A8}.Release|Any CPU.ActiveCfg = Release|Any CPU
		{DF48B283-16F3-47BE-935C-3A9EDBF8B5A8}.Release|Any CPU.Build.0 = Release|Any CPU
		{D1664D33-8873-4C75-8C54-5E3E8EA8D816}.Debug|Any CPU.ActiveCfg = Debug|Any CPU
		{D1664D33-8873-4C75-8C54-5E3E8EA8D816}.Debug|Any CPU.Build.0 = Debug|Any CPU
		{D1664D33-8873-4C75-8C54-5E3E8EA8D816}.Release|Any CPU.ActiveCfg = Release|Any CPU
		{D1664D33-8873-4C75-8C54-5E3E8EA8D816}.Release|Any CPU.Build.0 = Release|Any CPU
		{E904313F-A5A8-4F28-AD47-D2F1F2A8CF27}.Debug|Any CPU.ActiveCfg = Debug|Any CPU
		{E904313F-A5A8-4F28-AD47-D2F1F2A8CF27}.Debug|Any CPU.Build.0 = Debug|Any CPU
		{E904313F-A5A8-4F28-AD47-D2F1F2A8CF27}.Release|Any CPU.ActiveCfg = Release|Any CPU
		{E904313F-A5A8-4F28-AD47-D2F1F2A8CF27}.Release|Any CPU.Build.0 = Release|Any CPU
		{F2A14D33-6859-4CF8-9504-183D935462CE}.Debug|Any CPU.ActiveCfg = Debug|Any CPU
		{F2A14D33-6859-4CF8-9504-183D935462CE}.Debug|Any CPU.Build.0 = Debug|Any CPU
		{F2A14D33-6859-4CF8-9504-183D935462CE}.Release|Any CPU.ActiveCfg = Release|Any CPU
		{F2A14D33-6859-4CF8-9504-183D935462CE}.Release|Any CPU.Build.0 = Release|Any CPU
		{9F1DF162-EB88-43BA-90EC-7DE8C67AD01B}.Debug|Any CPU.ActiveCfg = Debug|Any CPU
		{9F1DF162-EB88-43BA-90EC-7DE8C67AD01B}.Debug|Any CPU.Build.0 = Debug|Any CPU
		{9F1DF162-EB88-43BA-90EC-7DE8C67AD01B}.Release|Any CPU.ActiveCfg = Release|Any CPU
		{9F1DF162-EB88-43BA-90EC-7DE8C67AD01B}.Release|Any CPU.Build.0 = Release|Any CPU
		{A5879CE8-9A9A-4EF5-87EA-73790BFF0D4E}.Debug|Any CPU.ActiveCfg = Debug|Any CPU
		{A5879CE8-9A9A-4EF5-87EA-73790BFF0D4E}.Debug|Any CPU.Build.0 = Debug|Any CPU
		{A5879CE8-9A9A-4EF5-87EA-73790BFF0D4E}.Release|Any CPU.ActiveCfg = Release|Any CPU
		{A5879CE8-9A9A-4EF5-87EA-73790BFF0D4E}.Release|Any CPU.Build.0 = Release|Any CPU
		{2B824F9B-4186-48C2-9574-A1CE4F560C09}.Debug|Any CPU.ActiveCfg = Debug|Any CPU
		{2B824F9B-4186-48C2-9574-A1CE4F560C09}.Debug|Any CPU.Build.0 = Debug|Any CPU
		{2B824F9B-4186-48C2-9574-A1CE4F560C09}.Release|Any CPU.ActiveCfg = Release|Any CPU
		{2B824F9B-4186-48C2-9574-A1CE4F560C09}.Release|Any CPU.Build.0 = Release|Any CPU
		{E7063E83-B78D-4A8E-9DBE-050FF020826A}.Debug|Any CPU.ActiveCfg = Debug|Any CPU
		{E7063E83-B78D-4A8E-9DBE-050FF020826A}.Debug|Any CPU.Build.0 = Debug|Any CPU
		{E7063E83-B78D-4A8E-9DBE-050FF020826A}.Release|Any CPU.ActiveCfg = Release|Any CPU
		{E7063E83-B78D-4A8E-9DBE-050FF020826A}.Release|Any CPU.Build.0 = Release|Any CPU
		{7D6AEE52-4425-49C2-B7DC-A5B196FE107D}.Debug|Any CPU.ActiveCfg = Debug|Any CPU
		{7D6AEE52-4425-49C2-B7DC-A5B196FE107D}.Debug|Any CPU.Build.0 = Debug|Any CPU
		{7D6AEE52-4425-49C2-B7DC-A5B196FE107D}.Release|Any CPU.ActiveCfg = Release|Any CPU
		{7D6AEE52-4425-49C2-B7DC-A5B196FE107D}.Release|Any CPU.Build.0 = Release|Any CPU
		{66ED018C-B15D-414C-BB5B-015C3410EF29}.Debug|Any CPU.ActiveCfg = Debug|Any CPU
		{66ED018C-B15D-414C-BB5B-015C3410EF29}.Debug|Any CPU.Build.0 = Debug|Any CPU
		{66ED018C-B15D-414C-BB5B-015C3410EF29}.Release|Any CPU.ActiveCfg = Release|Any CPU
		{66ED018C-B15D-414C-BB5B-015C3410EF29}.Release|Any CPU.Build.0 = Release|Any CPU
		{4F2100F4-3A0C-48E4-9FCA-BCF117D01AD3}.Debug|Any CPU.ActiveCfg = Debug|Any CPU
		{4F2100F4-3A0C-48E4-9FCA-BCF117D01AD3}.Debug|Any CPU.Build.0 = Debug|Any CPU
		{4F2100F4-3A0C-48E4-9FCA-BCF117D01AD3}.Release|Any CPU.ActiveCfg = Release|Any CPU
		{4F2100F4-3A0C-48E4-9FCA-BCF117D01AD3}.Release|Any CPU.Build.0 = Release|Any CPU
		{4B591FF4-AFF1-480E-850B-954C0CBEF635}.Debug|Any CPU.ActiveCfg = Debug|Any CPU
		{4B591FF4-AFF1-480E-850B-954C0CBEF635}.Debug|Any CPU.Build.0 = Debug|Any CPU
		{4B591FF4-AFF1-480E-850B-954C0CBEF635}.Release|Any CPU.ActiveCfg = Release|Any CPU
		{4B591FF4-AFF1-480E-850B-954C0CBEF635}.Release|Any CPU.Build.0 = Release|Any CPU
		{6DC09B80-EAC4-44C0-BCBC-FB66090B07B9}.Debug|Any CPU.ActiveCfg = Debug|Any CPU
		{6DC09B80-EAC4-44C0-BCBC-FB66090B07B9}.Debug|Any CPU.Build.0 = Debug|Any CPU
		{6DC09B80-EAC4-44C0-BCBC-FB66090B07B9}.Release|Any CPU.ActiveCfg = Release|Any CPU
		{6DC09B80-EAC4-44C0-BCBC-FB66090B07B9}.Release|Any CPU.Build.0 = Release|Any CPU
		{3B09C6C4-8A12-4017-A8C3-6FA3EBD2F326}.Debug|Any CPU.ActiveCfg = Debug|Any CPU
		{3B09C6C4-8A12-4017-A8C3-6FA3EBD2F326}.Debug|Any CPU.Build.0 = Debug|Any CPU
		{3B09C6C4-8A12-4017-A8C3-6FA3EBD2F326}.Release|Any CPU.ActiveCfg = Release|Any CPU
		{3B09C6C4-8A12-4017-A8C3-6FA3EBD2F326}.Release|Any CPU.Build.0 = Release|Any CPU
		{87722C6A-C885-41E0-BF1A-4A88D9E47CA7}.Debug|Any CPU.ActiveCfg = Debug|Any CPU
		{87722C6A-C885-41E0-BF1A-4A88D9E47CA7}.Debug|Any CPU.Build.0 = Debug|Any CPU
		{87722C6A-C885-41E0-BF1A-4A88D9E47CA7}.Release|Any CPU.ActiveCfg = Release|Any CPU
		{87722C6A-C885-41E0-BF1A-4A88D9E47CA7}.Release|Any CPU.Build.0 = Release|Any CPU
		{37992B4F-D000-4048-93E9-F86CA01BEF2C}.Debug|Any CPU.ActiveCfg = Debug|Any CPU
		{37992B4F-D000-4048-93E9-F86CA01BEF2C}.Debug|Any CPU.Build.0 = Debug|Any CPU
		{37992B4F-D000-4048-93E9-F86CA01BEF2C}.Release|Any CPU.ActiveCfg = Release|Any CPU
		{37992B4F-D000-4048-93E9-F86CA01BEF2C}.Release|Any CPU.Build.0 = Release|Any CPU
		{612503A7-D0D3-4B0C-BE3E-A395D97DD9D7}.Debug|Any CPU.ActiveCfg = Debug|Any CPU
		{612503A7-D0D3-4B0C-BE3E-A395D97DD9D7}.Debug|Any CPU.Build.0 = Debug|Any CPU
		{612503A7-D0D3-4B0C-BE3E-A395D97DD9D7}.Release|Any CPU.ActiveCfg = Release|Any CPU
		{612503A7-D0D3-4B0C-BE3E-A395D97DD9D7}.Release|Any CPU.Build.0 = Release|Any CPU
		{0B4406C0-35B5-4438-8036-C2149EC3EE16}.Debug|Any CPU.ActiveCfg = Debug|Any CPU
		{0B4406C0-35B5-4438-8036-C2149EC3EE16}.Debug|Any CPU.Build.0 = Debug|Any CPU
		{0B4406C0-35B5-4438-8036-C2149EC3EE16}.Release|Any CPU.ActiveCfg = Release|Any CPU
		{0B4406C0-35B5-4438-8036-C2149EC3EE16}.Release|Any CPU.Build.0 = Release|Any CPU
		{0AFCFA23-9439-4157-8577-6DB47E901827}.Debug|Any CPU.ActiveCfg = Debug|Any CPU
		{0AFCFA23-9439-4157-8577-6DB47E901827}.Debug|Any CPU.Build.0 = Debug|Any CPU
		{0AFCFA23-9439-4157-8577-6DB47E901827}.Release|Any CPU.ActiveCfg = Release|Any CPU
		{0AFCFA23-9439-4157-8577-6DB47E901827}.Release|Any CPU.Build.0 = Release|Any CPU
		{7E02C51D-013D-4DE1-90FF-C890931BBC9D}.Debug|Any CPU.ActiveCfg = Debug|Any CPU
		{7E02C51D-013D-4DE1-90FF-C890931BBC9D}.Debug|Any CPU.Build.0 = Debug|Any CPU
		{7E02C51D-013D-4DE1-90FF-C890931BBC9D}.Release|Any CPU.ActiveCfg = Release|Any CPU
		{7E02C51D-013D-4DE1-90FF-C890931BBC9D}.Release|Any CPU.Build.0 = Release|Any CPU
		{3C07D6F8-5EA1-4751-A337-9320343318B9}.Debug|Any CPU.ActiveCfg = Debug|Any CPU
		{3C07D6F8-5EA1-4751-A337-9320343318B9}.Debug|Any CPU.Build.0 = Debug|Any CPU
		{3C07D6F8-5EA1-4751-A337-9320343318B9}.Release|Any CPU.ActiveCfg = Release|Any CPU
		{3C07D6F8-5EA1-4751-A337-9320343318B9}.Release|Any CPU.Build.0 = Release|Any CPU
		{BF342961-8F0A-4FEF-A62A-37D645C31A07}.Debug|Any CPU.ActiveCfg = Debug|Any CPU
		{BF342961-8F0A-4FEF-A62A-37D645C31A07}.Debug|Any CPU.Build.0 = Debug|Any CPU
		{BF342961-8F0A-4FEF-A62A-37D645C31A07}.Release|Any CPU.ActiveCfg = Release|Any CPU
		{BF342961-8F0A-4FEF-A62A-37D645C31A07}.Release|Any CPU.Build.0 = Release|Any CPU
		{9BEE4800-285B-4E08-8F0F-C30F5182EEFC}.Debug|Any CPU.ActiveCfg = Debug|Any CPU
		{9BEE4800-285B-4E08-8F0F-C30F5182EEFC}.Debug|Any CPU.Build.0 = Debug|Any CPU
		{9BEE4800-285B-4E08-8F0F-C30F5182EEFC}.Release|Any CPU.ActiveCfg = Release|Any CPU
		{9BEE4800-285B-4E08-8F0F-C30F5182EEFC}.Release|Any CPU.Build.0 = Release|Any CPU
		{F76D5D36-1E35-40BC-A024-A4856BA1D2F4}.Debug|Any CPU.ActiveCfg = Debug|Any CPU
		{F76D5D36-1E35-40BC-A024-A4856BA1D2F4}.Debug|Any CPU.Build.0 = Debug|Any CPU
		{F76D5D36-1E35-40BC-A024-A4856BA1D2F4}.Release|Any CPU.ActiveCfg = Release|Any CPU
		{F76D5D36-1E35-40BC-A024-A4856BA1D2F4}.Release|Any CPU.Build.0 = Release|Any CPU
		{579E44E1-6CDA-43C6-8ADD-6910BD70E67F}.Debug|Any CPU.ActiveCfg = Debug|Any CPU
		{579E44E1-6CDA-43C6-8ADD-6910BD70E67F}.Debug|Any CPU.Build.0 = Debug|Any CPU
		{579E44E1-6CDA-43C6-8ADD-6910BD70E67F}.Release|Any CPU.ActiveCfg = Release|Any CPU
		{579E44E1-6CDA-43C6-8ADD-6910BD70E67F}.Release|Any CPU.Build.0 = Release|Any CPU
		{70C2BEEF-3F97-4C1F-A8FF-A02873FB7871}.Debug|Any CPU.ActiveCfg = Debug|Any CPU
		{70C2BEEF-3F97-4C1F-A8FF-A02873FB7871}.Debug|Any CPU.Build.0 = Debug|Any CPU
		{70C2BEEF-3F97-4C1F-A8FF-A02873FB7871}.Release|Any CPU.ActiveCfg = Release|Any CPU
		{70C2BEEF-3F97-4C1F-A8FF-A02873FB7871}.Release|Any CPU.Build.0 = Release|Any CPU
		{9D3C3CC5-B5F3-496B-ADA0-D4260043DDE5}.Debug|Any CPU.ActiveCfg = Debug|Any CPU
		{9D3C3CC5-B5F3-496B-ADA0-D4260043DDE5}.Debug|Any CPU.Build.0 = Debug|Any CPU
		{9D3C3CC5-B5F3-496B-ADA0-D4260043DDE5}.Release|Any CPU.ActiveCfg = Release|Any CPU
		{9D3C3CC5-B5F3-496B-ADA0-D4260043DDE5}.Release|Any CPU.Build.0 = Release|Any CPU
		{6FDF3B80-E1F6-4A32-88A8-1C3A92EE1E6C}.Debug|Any CPU.ActiveCfg = Debug|Any CPU
		{6FDF3B80-E1F6-4A32-88A8-1C3A92EE1E6C}.Debug|Any CPU.Build.0 = Debug|Any CPU
		{6FDF3B80-E1F6-4A32-88A8-1C3A92EE1E6C}.Release|Any CPU.ActiveCfg = Release|Any CPU
		{6FDF3B80-E1F6-4A32-88A8-1C3A92EE1E6C}.Release|Any CPU.Build.0 = Release|Any CPU
		{F7B451F7-F8D7-4D72-9A97-252AF95EBCDE}.Debug|Any CPU.ActiveCfg = Debug|Any CPU
		{F7B451F7-F8D7-4D72-9A97-252AF95EBCDE}.Debug|Any CPU.Build.0 = Debug|Any CPU
		{F7B451F7-F8D7-4D72-9A97-252AF95EBCDE}.Release|Any CPU.ActiveCfg = Release|Any CPU
		{F7B451F7-F8D7-4D72-9A97-252AF95EBCDE}.Release|Any CPU.Build.0 = Release|Any CPU
		{9A66CF43-82EF-4857-8030-8335DF36440E}.Debug|Any CPU.ActiveCfg = Debug|Any CPU
		{9A66CF43-82EF-4857-8030-8335DF36440E}.Debug|Any CPU.Build.0 = Debug|Any CPU
		{9A66CF43-82EF-4857-8030-8335DF36440E}.Release|Any CPU.ActiveCfg = Release|Any CPU
		{9A66CF43-82EF-4857-8030-8335DF36440E}.Release|Any CPU.Build.0 = Release|Any CPU
		{158C2097-869C-46F2-9E8C-0C2D9084B0D0}.Debug|Any CPU.ActiveCfg = Debug|Any CPU
		{158C2097-869C-46F2-9E8C-0C2D9084B0D0}.Debug|Any CPU.Build.0 = Debug|Any CPU
		{158C2097-869C-46F2-9E8C-0C2D9084B0D0}.Release|Any CPU.ActiveCfg = Release|Any CPU
		{158C2097-869C-46F2-9E8C-0C2D9084B0D0}.Release|Any CPU.Build.0 = Release|Any CPU
		{3D2B4011-8F7E-42F2-A271-CDCAA9610AD3}.Debug|Any CPU.ActiveCfg = Debug|Any CPU
		{3D2B4011-8F7E-42F2-A271-CDCAA9610AD3}.Debug|Any CPU.Build.0 = Debug|Any CPU
		{3D2B4011-8F7E-42F2-A271-CDCAA9610AD3}.Release|Any CPU.ActiveCfg = Release|Any CPU
		{3D2B4011-8F7E-42F2-A271-CDCAA9610AD3}.Release|Any CPU.Build.0 = Release|Any CPU
		{5D06462F-96CB-4B2C-95A6-2AB34E8DDDBA}.Debug|Any CPU.ActiveCfg = Debug|Any CPU
		{5D06462F-96CB-4B2C-95A6-2AB34E8DDDBA}.Debug|Any CPU.Build.0 = Debug|Any CPU
		{5D06462F-96CB-4B2C-95A6-2AB34E8DDDBA}.Release|Any CPU.ActiveCfg = Release|Any CPU
		{5D06462F-96CB-4B2C-95A6-2AB34E8DDDBA}.Release|Any CPU.Build.0 = Release|Any CPU
		{E5CB050A-FC12-4558-A0A0-CAD25E32AB74}.Debug|Any CPU.ActiveCfg = Debug|Any CPU
		{E5CB050A-FC12-4558-A0A0-CAD25E32AB74}.Debug|Any CPU.Build.0 = Debug|Any CPU
		{E5CB050A-FC12-4558-A0A0-CAD25E32AB74}.Release|Any CPU.ActiveCfg = Release|Any CPU
		{E5CB050A-FC12-4558-A0A0-CAD25E32AB74}.Release|Any CPU.Build.0 = Release|Any CPU
		{6F44D00B-A327-4134-A830-6245E0DB0896}.Debug|Any CPU.ActiveCfg = Debug|Any CPU
		{6F44D00B-A327-4134-A830-6245E0DB0896}.Debug|Any CPU.Build.0 = Debug|Any CPU
		{6F44D00B-A327-4134-A830-6245E0DB0896}.Release|Any CPU.ActiveCfg = Release|Any CPU
		{6F44D00B-A327-4134-A830-6245E0DB0896}.Release|Any CPU.Build.0 = Release|Any CPU
		{4048A2EB-3A2F-41C5-9FE3-7F6D9646089E}.Debug|Any CPU.ActiveCfg = Debug|Any CPU
		{4048A2EB-3A2F-41C5-9FE3-7F6D9646089E}.Debug|Any CPU.Build.0 = Debug|Any CPU
		{4048A2EB-3A2F-41C5-9FE3-7F6D9646089E}.Release|Any CPU.ActiveCfg = Release|Any CPU
		{4048A2EB-3A2F-41C5-9FE3-7F6D9646089E}.Release|Any CPU.Build.0 = Release|Any CPU
		{71D74549-AC91-4B6D-80EC-EE9C30DD453F}.Debug|Any CPU.ActiveCfg = Debug|Any CPU
		{71D74549-AC91-4B6D-80EC-EE9C30DD453F}.Debug|Any CPU.Build.0 = Debug|Any CPU
		{71D74549-AC91-4B6D-80EC-EE9C30DD453F}.Release|Any CPU.ActiveCfg = Release|Any CPU
		{71D74549-AC91-4B6D-80EC-EE9C30DD453F}.Release|Any CPU.Build.0 = Release|Any CPU
		{0F8A200B-60DA-4C80-B7D2-8744BA28C8D2}.Debug|Any CPU.ActiveCfg = Debug|Any CPU
		{0F8A200B-60DA-4C80-B7D2-8744BA28C8D2}.Debug|Any CPU.Build.0 = Debug|Any CPU
		{0F8A200B-60DA-4C80-B7D2-8744BA28C8D2}.Release|Any CPU.ActiveCfg = Release|Any CPU
		{0F8A200B-60DA-4C80-B7D2-8744BA28C8D2}.Release|Any CPU.Build.0 = Release|Any CPU
		{233CBC4B-6BFB-4B4B-A7DC-FC8AF78B02A4}.Debug|Any CPU.ActiveCfg = Debug|Any CPU
		{233CBC4B-6BFB-4B4B-A7DC-FC8AF78B02A4}.Debug|Any CPU.Build.0 = Debug|Any CPU
		{233CBC4B-6BFB-4B4B-A7DC-FC8AF78B02A4}.Release|Any CPU.ActiveCfg = Release|Any CPU
		{233CBC4B-6BFB-4B4B-A7DC-FC8AF78B02A4}.Release|Any CPU.Build.0 = Release|Any CPU
		{B7492362-CC4A-4BC0-BF11-C9139DD5DA09}.Debug|Any CPU.ActiveCfg = Debug|Any CPU
		{B7492362-CC4A-4BC0-BF11-C9139DD5DA09}.Debug|Any CPU.Build.0 = Debug|Any CPU
		{B7492362-CC4A-4BC0-BF11-C9139DD5DA09}.Release|Any CPU.ActiveCfg = Release|Any CPU
		{B7492362-CC4A-4BC0-BF11-C9139DD5DA09}.Release|Any CPU.Build.0 = Release|Any CPU
		{9F7D58F7-13D5-4995-8556-6C9542032DA1}.Debug|Any CPU.ActiveCfg = Debug|Any CPU
		{9F7D58F7-13D5-4995-8556-6C9542032DA1}.Debug|Any CPU.Build.0 = Debug|Any CPU
		{9F7D58F7-13D5-4995-8556-6C9542032DA1}.Release|Any CPU.ActiveCfg = Release|Any CPU
		{9F7D58F7-13D5-4995-8556-6C9542032DA1}.Release|Any CPU.Build.0 = Release|Any CPU
		{754E0CAF-7068-4087-ACF7-7D6DE38FC9D6}.Debug|Any CPU.ActiveCfg = Debug|Any CPU
		{754E0CAF-7068-4087-ACF7-7D6DE38FC9D6}.Debug|Any CPU.Build.0 = Debug|Any CPU
		{754E0CAF-7068-4087-ACF7-7D6DE38FC9D6}.Release|Any CPU.ActiveCfg = Release|Any CPU
		{754E0CAF-7068-4087-ACF7-7D6DE38FC9D6}.Release|Any CPU.Build.0 = Release|Any CPU
		{220C3A7C-7461-41A5-A4C4-B1E8922632EE}.Debug|Any CPU.ActiveCfg = Debug|Any CPU
		{220C3A7C-7461-41A5-A4C4-B1E8922632EE}.Debug|Any CPU.Build.0 = Debug|Any CPU
		{220C3A7C-7461-41A5-A4C4-B1E8922632EE}.Release|Any CPU.ActiveCfg = Release|Any CPU
		{220C3A7C-7461-41A5-A4C4-B1E8922632EE}.Release|Any CPU.Build.0 = Release|Any CPU
		{7D518FB7-52B2-4B58-B3E2-BAF633C24C40}.Debug|Any CPU.ActiveCfg = Debug|Any CPU
		{7D518FB7-52B2-4B58-B3E2-BAF633C24C40}.Debug|Any CPU.Build.0 = Debug|Any CPU
		{7D518FB7-52B2-4B58-B3E2-BAF633C24C40}.Release|Any CPU.ActiveCfg = Release|Any CPU
		{7D518FB7-52B2-4B58-B3E2-BAF633C24C40}.Release|Any CPU.Build.0 = Release|Any CPU
		{3B83E399-A75A-4CE4-9CA6-8A38AF3D3DD1}.Debug|Any CPU.ActiveCfg = Debug|Any CPU
		{3B83E399-A75A-4CE4-9CA6-8A38AF3D3DD1}.Debug|Any CPU.Build.0 = Debug|Any CPU
		{3B83E399-A75A-4CE4-9CA6-8A38AF3D3DD1}.Release|Any CPU.ActiveCfg = Release|Any CPU
		{3B83E399-A75A-4CE4-9CA6-8A38AF3D3DD1}.Release|Any CPU.Build.0 = Release|Any CPU
		{CFB64AB2-7900-44E0-AD95-F627A2F32013}.Debug|Any CPU.ActiveCfg = Debug|Any CPU
		{CFB64AB2-7900-44E0-AD95-F627A2F32013}.Debug|Any CPU.Build.0 = Debug|Any CPU
		{CFB64AB2-7900-44E0-AD95-F627A2F32013}.Release|Any CPU.ActiveCfg = Release|Any CPU
		{CFB64AB2-7900-44E0-AD95-F627A2F32013}.Release|Any CPU.Build.0 = Release|Any CPU
		{A06B4CF5-8FFE-4F90-ADBB-651970509436}.Debug|Any CPU.ActiveCfg = Debug|Any CPU
		{A06B4CF5-8FFE-4F90-ADBB-651970509436}.Debug|Any CPU.Build.0 = Debug|Any CPU
		{A06B4CF5-8FFE-4F90-ADBB-651970509436}.Release|Any CPU.ActiveCfg = Release|Any CPU
		{A06B4CF5-8FFE-4F90-ADBB-651970509436}.Release|Any CPU.Build.0 = Release|Any CPU
		{95D38B8B-F6E7-4431-97CF-2BF28E143EE9}.Debug|Any CPU.ActiveCfg = Debug|Any CPU
		{95D38B8B-F6E7-4431-97CF-2BF28E143EE9}.Debug|Any CPU.Build.0 = Debug|Any CPU
		{95D38B8B-F6E7-4431-97CF-2BF28E143EE9}.Release|Any CPU.ActiveCfg = Release|Any CPU
		{95D38B8B-F6E7-4431-97CF-2BF28E143EE9}.Release|Any CPU.Build.0 = Release|Any CPU
		{9D181AFD-BFD1-4B07-A580-54719C8D19F3}.Debug|Any CPU.ActiveCfg = Debug|Any CPU
		{9D181AFD-BFD1-4B07-A580-54719C8D19F3}.Debug|Any CPU.Build.0 = Debug|Any CPU
		{9D181AFD-BFD1-4B07-A580-54719C8D19F3}.Release|Any CPU.ActiveCfg = Release|Any CPU
		{9D181AFD-BFD1-4B07-A580-54719C8D19F3}.Release|Any CPU.Build.0 = Release|Any CPU
		{D7DE7FC2-0D64-4B96-8053-FD25D2882148}.Debug|Any CPU.ActiveCfg = Debug|Any CPU
		{D7DE7FC2-0D64-4B96-8053-FD25D2882148}.Debug|Any CPU.Build.0 = Debug|Any CPU
		{D7DE7FC2-0D64-4B96-8053-FD25D2882148}.Release|Any CPU.ActiveCfg = Release|Any CPU
		{D7DE7FC2-0D64-4B96-8053-FD25D2882148}.Release|Any CPU.Build.0 = Release|Any CPU
		{0B67842C-3818-4D40-B8BE-A34912BEE29A}.Debug|Any CPU.ActiveCfg = Debug|Any CPU
		{0B67842C-3818-4D40-B8BE-A34912BEE29A}.Debug|Any CPU.Build.0 = Debug|Any CPU
		{0B67842C-3818-4D40-B8BE-A34912BEE29A}.Release|Any CPU.ActiveCfg = Release|Any CPU
		{0B67842C-3818-4D40-B8BE-A34912BEE29A}.Release|Any CPU.Build.0 = Release|Any CPU
		{0BDCAEA0-9A12-43BA-A440-D7E5AF8BC1F1}.Debug|Any CPU.ActiveCfg = Debug|Any CPU
		{0BDCAEA0-9A12-43BA-A440-D7E5AF8BC1F1}.Debug|Any CPU.Build.0 = Debug|Any CPU
		{0BDCAEA0-9A12-43BA-A440-D7E5AF8BC1F1}.Release|Any CPU.ActiveCfg = Release|Any CPU
		{0BDCAEA0-9A12-43BA-A440-D7E5AF8BC1F1}.Release|Any CPU.Build.0 = Release|Any CPU
		{42E1AD52-38C2-4F53-979B-988223233444}.Debug|Any CPU.ActiveCfg = Debug|Any CPU
		{42E1AD52-38C2-4F53-979B-988223233444}.Debug|Any CPU.Build.0 = Debug|Any CPU
		{42E1AD52-38C2-4F53-979B-988223233444}.Release|Any CPU.ActiveCfg = Release|Any CPU
		{42E1AD52-38C2-4F53-979B-988223233444}.Release|Any CPU.Build.0 = Release|Any CPU
		{CBB3329A-F69C-474C-B261-C642C7FC8DFD}.Debug|Any CPU.ActiveCfg = Debug|Any CPU
		{CBB3329A-F69C-474C-B261-C642C7FC8DFD}.Debug|Any CPU.Build.0 = Debug|Any CPU
		{CBB3329A-F69C-474C-B261-C642C7FC8DFD}.Release|Any CPU.ActiveCfg = Release|Any CPU
		{CBB3329A-F69C-474C-B261-C642C7FC8DFD}.Release|Any CPU.Build.0 = Release|Any CPU
		{0C899867-37BE-441D-BB17-33E1DCB80256}.Debug|Any CPU.ActiveCfg = Debug|Any CPU
		{0C899867-37BE-441D-BB17-33E1DCB80256}.Debug|Any CPU.Build.0 = Debug|Any CPU
		{0C899867-37BE-441D-BB17-33E1DCB80256}.Release|Any CPU.ActiveCfg = Release|Any CPU
		{0C899867-37BE-441D-BB17-33E1DCB80256}.Release|Any CPU.Build.0 = Release|Any CPU
		{A40259C4-4159-44D2-918B-C73BE82EF42E}.Debug|Any CPU.ActiveCfg = Debug|Any CPU
		{A40259C4-4159-44D2-918B-C73BE82EF42E}.Debug|Any CPU.Build.0 = Debug|Any CPU
		{A40259C4-4159-44D2-918B-C73BE82EF42E}.Release|Any CPU.ActiveCfg = Release|Any CPU
		{A40259C4-4159-44D2-918B-C73BE82EF42E}.Release|Any CPU.Build.0 = Release|Any CPU
		{581FA3F1-D44F-48C4-890A-FEC9EF412917}.Debug|Any CPU.ActiveCfg = Debug|Any CPU
		{581FA3F1-D44F-48C4-890A-FEC9EF412917}.Debug|Any CPU.Build.0 = Debug|Any CPU
		{581FA3F1-D44F-48C4-890A-FEC9EF412917}.Release|Any CPU.ActiveCfg = Release|Any CPU
		{581FA3F1-D44F-48C4-890A-FEC9EF412917}.Release|Any CPU.Build.0 = Release|Any CPU
		{259B2C29-5AA4-454F-95BB-F2C688DF8E5F}.Debug|Any CPU.ActiveCfg = Debug|Any CPU
		{259B2C29-5AA4-454F-95BB-F2C688DF8E5F}.Debug|Any CPU.Build.0 = Debug|Any CPU
		{259B2C29-5AA4-454F-95BB-F2C688DF8E5F}.Release|Any CPU.ActiveCfg = Release|Any CPU
		{259B2C29-5AA4-454F-95BB-F2C688DF8E5F}.Release|Any CPU.Build.0 = Release|Any CPU
		{92CE5096-19A5-48C9-AA56-03C7D7F090E9}.Debug|Any CPU.ActiveCfg = Debug|Any CPU
		{92CE5096-19A5-48C9-AA56-03C7D7F090E9}.Debug|Any CPU.Build.0 = Debug|Any CPU
		{92CE5096-19A5-48C9-AA56-03C7D7F090E9}.Release|Any CPU.ActiveCfg = Release|Any CPU
		{92CE5096-19A5-48C9-AA56-03C7D7F090E9}.Release|Any CPU.Build.0 = Release|Any CPU
		{210C2F06-7D05-4976-BFEF-1CFE1829AA09}.Debug|Any CPU.ActiveCfg = Debug|Any CPU
		{210C2F06-7D05-4976-BFEF-1CFE1829AA09}.Debug|Any CPU.Build.0 = Debug|Any CPU
		{210C2F06-7D05-4976-BFEF-1CFE1829AA09}.Release|Any CPU.ActiveCfg = Release|Any CPU
		{210C2F06-7D05-4976-BFEF-1CFE1829AA09}.Release|Any CPU.Build.0 = Release|Any CPU
		{D2B00EAB-1879-41EF-9264-80E6328DF47B}.Debug|Any CPU.ActiveCfg = Debug|Any CPU
		{D2B00EAB-1879-41EF-9264-80E6328DF47B}.Debug|Any CPU.Build.0 = Debug|Any CPU
		{D2B00EAB-1879-41EF-9264-80E6328DF47B}.Release|Any CPU.ActiveCfg = Release|Any CPU
		{D2B00EAB-1879-41EF-9264-80E6328DF47B}.Release|Any CPU.Build.0 = Release|Any CPU
		{AEE0F134-DFA2-4181-9F39-867D9B8B2174}.Debug|Any CPU.ActiveCfg = Debug|Any CPU
		{AEE0F134-DFA2-4181-9F39-867D9B8B2174}.Debug|Any CPU.Build.0 = Debug|Any CPU
		{AEE0F134-DFA2-4181-9F39-867D9B8B2174}.Release|Any CPU.ActiveCfg = Release|Any CPU
		{AEE0F134-DFA2-4181-9F39-867D9B8B2174}.Release|Any CPU.Build.0 = Release|Any CPU
		{DAEEF108-42EE-4681-8A6D-48C1620DE72E}.Debug|Any CPU.ActiveCfg = Debug|Any CPU
		{DAEEF108-42EE-4681-8A6D-48C1620DE72E}.Debug|Any CPU.Build.0 = Debug|Any CPU
		{DAEEF108-42EE-4681-8A6D-48C1620DE72E}.Release|Any CPU.ActiveCfg = Release|Any CPU
		{DAEEF108-42EE-4681-8A6D-48C1620DE72E}.Release|Any CPU.Build.0 = Release|Any CPU
		{5AF607F0-DEDF-46E3-B1F9-BB115EE48CA7}.Debug|Any CPU.ActiveCfg = Debug|Any CPU
		{5AF607F0-DEDF-46E3-B1F9-BB115EE48CA7}.Debug|Any CPU.Build.0 = Debug|Any CPU
		{5AF607F0-DEDF-46E3-B1F9-BB115EE48CA7}.Release|Any CPU.ActiveCfg = Release|Any CPU
		{5AF607F0-DEDF-46E3-B1F9-BB115EE48CA7}.Release|Any CPU.Build.0 = Release|Any CPU
		{15F69E36-0393-48AF-A25E-E8A1C9AEF187}.Debug|Any CPU.ActiveCfg = Debug|Any CPU
		{15F69E36-0393-48AF-A25E-E8A1C9AEF187}.Debug|Any CPU.Build.0 = Debug|Any CPU
		{15F69E36-0393-48AF-A25E-E8A1C9AEF187}.Release|Any CPU.ActiveCfg = Release|Any CPU
		{15F69E36-0393-48AF-A25E-E8A1C9AEF187}.Release|Any CPU.Build.0 = Release|Any CPU
		{4E3AD612-3E5B-4BBD-B3D5-7235213AA8FB}.Debug|Any CPU.ActiveCfg = Debug|Any CPU
		{4E3AD612-3E5B-4BBD-B3D5-7235213AA8FB}.Debug|Any CPU.Build.0 = Debug|Any CPU
		{4E3AD612-3E5B-4BBD-B3D5-7235213AA8FB}.Release|Any CPU.ActiveCfg = Release|Any CPU
		{4E3AD612-3E5B-4BBD-B3D5-7235213AA8FB}.Release|Any CPU.Build.0 = Release|Any CPU
		{06AD54A9-AFB6-4268-A37B-686A3AEBC57C}.Debug|Any CPU.ActiveCfg = Debug|Any CPU
		{06AD54A9-AFB6-4268-A37B-686A3AEBC57C}.Debug|Any CPU.Build.0 = Debug|Any CPU
		{06AD54A9-AFB6-4268-A37B-686A3AEBC57C}.Release|Any CPU.ActiveCfg = Release|Any CPU
		{06AD54A9-AFB6-4268-A37B-686A3AEBC57C}.Release|Any CPU.Build.0 = Release|Any CPU
		{BEBF6EA1-7D3F-4D30-8183-96DF5C2514FF}.Debug|Any CPU.ActiveCfg = Debug|Any CPU
		{BEBF6EA1-7D3F-4D30-8183-96DF5C2514FF}.Debug|Any CPU.Build.0 = Debug|Any CPU
		{BEBF6EA1-7D3F-4D30-8183-96DF5C2514FF}.Release|Any CPU.ActiveCfg = Release|Any CPU
		{BEBF6EA1-7D3F-4D30-8183-96DF5C2514FF}.Release|Any CPU.Build.0 = Release|Any CPU
		{55A90D7B-1FBB-49FD-932B-68D5F3860A0F}.Debug|Any CPU.ActiveCfg = Debug|Any CPU
		{55A90D7B-1FBB-49FD-932B-68D5F3860A0F}.Debug|Any CPU.Build.0 = Debug|Any CPU
		{55A90D7B-1FBB-49FD-932B-68D5F3860A0F}.Release|Any CPU.ActiveCfg = Release|Any CPU
		{55A90D7B-1FBB-49FD-932B-68D5F3860A0F}.Release|Any CPU.Build.0 = Release|Any CPU
		{A5180035-602E-4A00-96A2-F7E714954E62}.Debug|Any CPU.ActiveCfg = Debug|Any CPU
		{A5180035-602E-4A00-96A2-F7E714954E62}.Debug|Any CPU.Build.0 = Debug|Any CPU
		{A5180035-602E-4A00-96A2-F7E714954E62}.Release|Any CPU.ActiveCfg = Release|Any CPU
		{A5180035-602E-4A00-96A2-F7E714954E62}.Release|Any CPU.Build.0 = Release|Any CPU
		{4C08AF86-EC1D-4035-B42E-CD71BEFEBDFA}.Debug|Any CPU.ActiveCfg = Debug|Any CPU
		{4C08AF86-EC1D-4035-B42E-CD71BEFEBDFA}.Debug|Any CPU.Build.0 = Debug|Any CPU
		{4C08AF86-EC1D-4035-B42E-CD71BEFEBDFA}.Release|Any CPU.ActiveCfg = Release|Any CPU
		{4C08AF86-EC1D-4035-B42E-CD71BEFEBDFA}.Release|Any CPU.Build.0 = Release|Any CPU
		{8192C9C7-0FCC-4F0E-9F48-45682E87FF9B}.Debug|Any CPU.ActiveCfg = Debug|Any CPU
		{8192C9C7-0FCC-4F0E-9F48-45682E87FF9B}.Debug|Any CPU.Build.0 = Debug|Any CPU
		{8192C9C7-0FCC-4F0E-9F48-45682E87FF9B}.Release|Any CPU.ActiveCfg = Release|Any CPU
		{8192C9C7-0FCC-4F0E-9F48-45682E87FF9B}.Release|Any CPU.Build.0 = Release|Any CPU
		{ED48F929-68A6-413B-827F-9C2B15C884C5}.Debug|Any CPU.ActiveCfg = Debug|Any CPU
		{ED48F929-68A6-413B-827F-9C2B15C884C5}.Debug|Any CPU.Build.0 = Debug|Any CPU
		{ED48F929-68A6-413B-827F-9C2B15C884C5}.Release|Any CPU.ActiveCfg = Release|Any CPU
		{ED48F929-68A6-413B-827F-9C2B15C884C5}.Release|Any CPU.Build.0 = Release|Any CPU
		{1F4C15B0-5281-462D-AB1A-CA5DE11AA063}.Debug|Any CPU.ActiveCfg = Debug|Any CPU
		{1F4C15B0-5281-462D-AB1A-CA5DE11AA063}.Debug|Any CPU.Build.0 = Debug|Any CPU
		{1F4C15B0-5281-462D-AB1A-CA5DE11AA063}.Release|Any CPU.ActiveCfg = Release|Any CPU
		{1F4C15B0-5281-462D-AB1A-CA5DE11AA063}.Release|Any CPU.Build.0 = Release|Any CPU
		{8D09C9EF-215C-4959-A773-CE141A393569}.Debug|Any CPU.ActiveCfg = Debug|Any CPU
		{8D09C9EF-215C-4959-A773-CE141A393569}.Debug|Any CPU.Build.0 = Debug|Any CPU
		{8D09C9EF-215C-4959-A773-CE141A393569}.Release|Any CPU.ActiveCfg = Release|Any CPU
		{8D09C9EF-215C-4959-A773-CE141A393569}.Release|Any CPU.Build.0 = Release|Any CPU
		{43D3E404-BFC1-4FF9-904A-25E8BFB569A9}.Debug|Any CPU.ActiveCfg = Debug|Any CPU
		{43D3E404-BFC1-4FF9-904A-25E8BFB569A9}.Debug|Any CPU.Build.0 = Debug|Any CPU
		{43D3E404-BFC1-4FF9-904A-25E8BFB569A9}.Release|Any CPU.ActiveCfg = Release|Any CPU
		{43D3E404-BFC1-4FF9-904A-25E8BFB569A9}.Release|Any CPU.Build.0 = Release|Any CPU
		{F42A2630-AD6B-4124-802C-D2605FD40FBA}.Debug|Any CPU.ActiveCfg = Debug|Any CPU
		{F42A2630-AD6B-4124-802C-D2605FD40FBA}.Debug|Any CPU.Build.0 = Debug|Any CPU
		{F42A2630-AD6B-4124-802C-D2605FD40FBA}.Release|Any CPU.ActiveCfg = Release|Any CPU
		{F42A2630-AD6B-4124-802C-D2605FD40FBA}.Release|Any CPU.Build.0 = Release|Any CPU
		{53041F7C-5C88-4E77-B293-AFF401F1E122}.Debug|Any CPU.ActiveCfg = Debug|Any CPU
		{53041F7C-5C88-4E77-B293-AFF401F1E122}.Debug|Any CPU.Build.0 = Debug|Any CPU
		{53041F7C-5C88-4E77-B293-AFF401F1E122}.Release|Any CPU.ActiveCfg = Release|Any CPU
		{53041F7C-5C88-4E77-B293-AFF401F1E122}.Release|Any CPU.Build.0 = Release|Any CPU
		{0E790281-9C9F-4913-A18D-542E3A28998F}.Debug|Any CPU.ActiveCfg = Debug|Any CPU
		{0E790281-9C9F-4913-A18D-542E3A28998F}.Debug|Any CPU.Build.0 = Debug|Any CPU
		{0E790281-9C9F-4913-A18D-542E3A28998F}.Release|Any CPU.ActiveCfg = Release|Any CPU
		{0E790281-9C9F-4913-A18D-542E3A28998F}.Release|Any CPU.Build.0 = Release|Any CPU
		{41C47A40-AA33-441E-AC7D-62CA99D1799B}.Debug|Any CPU.ActiveCfg = Debug|Any CPU
		{41C47A40-AA33-441E-AC7D-62CA99D1799B}.Debug|Any CPU.Build.0 = Debug|Any CPU
		{41C47A40-AA33-441E-AC7D-62CA99D1799B}.Release|Any CPU.ActiveCfg = Release|Any CPU
		{41C47A40-AA33-441E-AC7D-62CA99D1799B}.Release|Any CPU.Build.0 = Release|Any CPU
		{F40CE9AC-0F13-4500-80C3-8ED3BC276EDF}.Debug|Any CPU.ActiveCfg = Debug|Any CPU
		{F40CE9AC-0F13-4500-80C3-8ED3BC276EDF}.Debug|Any CPU.Build.0 = Debug|Any CPU
		{F40CE9AC-0F13-4500-80C3-8ED3BC276EDF}.Release|Any CPU.ActiveCfg = Release|Any CPU
		{F40CE9AC-0F13-4500-80C3-8ED3BC276EDF}.Release|Any CPU.Build.0 = Release|Any CPU
		{F7872551-228D-466A-9B7B-2686F52C06FF}.Debug|Any CPU.ActiveCfg = Debug|Any CPU
		{F7872551-228D-466A-9B7B-2686F52C06FF}.Debug|Any CPU.Build.0 = Debug|Any CPU
		{F7872551-228D-466A-9B7B-2686F52C06FF}.Release|Any CPU.ActiveCfg = Release|Any CPU
		{F7872551-228D-466A-9B7B-2686F52C06FF}.Release|Any CPU.Build.0 = Release|Any CPU
		{FF15E8CA-FBC6-4F3F-A38A-EF2C9FBBE6D2}.Debug|Any CPU.ActiveCfg = Debug|Any CPU
		{FF15E8CA-FBC6-4F3F-A38A-EF2C9FBBE6D2}.Debug|Any CPU.Build.0 = Debug|Any CPU
		{FF15E8CA-FBC6-4F3F-A38A-EF2C9FBBE6D2}.Release|Any CPU.ActiveCfg = Release|Any CPU
		{FF15E8CA-FBC6-4F3F-A38A-EF2C9FBBE6D2}.Release|Any CPU.Build.0 = Release|Any CPU
		{F4720F43-57F0-49F1-AC3C-78579E258C86}.Debug|Any CPU.ActiveCfg = Debug|Any CPU
		{F4720F43-57F0-49F1-AC3C-78579E258C86}.Debug|Any CPU.Build.0 = Debug|Any CPU
		{F4720F43-57F0-49F1-AC3C-78579E258C86}.Release|Any CPU.ActiveCfg = Release|Any CPU
		{F4720F43-57F0-49F1-AC3C-78579E258C86}.Release|Any CPU.Build.0 = Release|Any CPU
		{169C3F0B-49CC-4CCA-9FF7-FCAFE4D496D3}.Debug|Any CPU.ActiveCfg = Debug|Any CPU
		{169C3F0B-49CC-4CCA-9FF7-FCAFE4D496D3}.Debug|Any CPU.Build.0 = Debug|Any CPU
		{169C3F0B-49CC-4CCA-9FF7-FCAFE4D496D3}.Release|Any CPU.ActiveCfg = Release|Any CPU
		{169C3F0B-49CC-4CCA-9FF7-FCAFE4D496D3}.Release|Any CPU.Build.0 = Release|Any CPU
		{F1C7C673-BDD5-4DBD-BB3E-A162F7C0592F}.Debug|Any CPU.ActiveCfg = Debug|Any CPU
		{F1C7C673-BDD5-4DBD-BB3E-A162F7C0592F}.Debug|Any CPU.Build.0 = Debug|Any CPU
		{F1C7C673-BDD5-4DBD-BB3E-A162F7C0592F}.Release|Any CPU.ActiveCfg = Release|Any CPU
		{F1C7C673-BDD5-4DBD-BB3E-A162F7C0592F}.Release|Any CPU.Build.0 = Release|Any CPU
		{598A1196-35E5-467D-926C-7E78F6CD4AFD}.Debug|Any CPU.ActiveCfg = Debug|Any CPU
		{598A1196-35E5-467D-926C-7E78F6CD4AFD}.Debug|Any CPU.Build.0 = Debug|Any CPU
		{598A1196-35E5-467D-926C-7E78F6CD4AFD}.Release|Any CPU.ActiveCfg = Release|Any CPU
		{598A1196-35E5-467D-926C-7E78F6CD4AFD}.Release|Any CPU.Build.0 = Release|Any CPU
		{77C78296-A878-4E01-A1D3-EA56E40FAC26}.Debug|Any CPU.ActiveCfg = Debug|Any CPU
		{77C78296-A878-4E01-A1D3-EA56E40FAC26}.Debug|Any CPU.Build.0 = Debug|Any CPU
		{77C78296-A878-4E01-A1D3-EA56E40FAC26}.Release|Any CPU.ActiveCfg = Release|Any CPU
		{77C78296-A878-4E01-A1D3-EA56E40FAC26}.Release|Any CPU.Build.0 = Release|Any CPU
		{A2BE198D-DD63-4050-919D-4D86EFEEB152}.Debug|Any CPU.ActiveCfg = Debug|Any CPU
		{A2BE198D-DD63-4050-919D-4D86EFEEB152}.Debug|Any CPU.Build.0 = Debug|Any CPU
		{A2BE198D-DD63-4050-919D-4D86EFEEB152}.Release|Any CPU.ActiveCfg = Release|Any CPU
		{A2BE198D-DD63-4050-919D-4D86EFEEB152}.Release|Any CPU.Build.0 = Release|Any CPU
		{2D9AFA49-669B-43B9-A545-39A2121869FF}.Debug|Any CPU.ActiveCfg = Debug|Any CPU
		{2D9AFA49-669B-43B9-A545-39A2121869FF}.Debug|Any CPU.Build.0 = Debug|Any CPU
		{2D9AFA49-669B-43B9-A545-39A2121869FF}.Release|Any CPU.ActiveCfg = Release|Any CPU
		{2D9AFA49-669B-43B9-A545-39A2121869FF}.Release|Any CPU.Build.0 = Release|Any CPU
		{37F77B61-52EC-4165-9E50-D282FEB73EEB}.Debug|Any CPU.ActiveCfg = Debug|Any CPU
		{37F77B61-52EC-4165-9E50-D282FEB73EEB}.Debug|Any CPU.Build.0 = Debug|Any CPU
		{37F77B61-52EC-4165-9E50-D282FEB73EEB}.Release|Any CPU.ActiveCfg = Release|Any CPU
		{37F77B61-52EC-4165-9E50-D282FEB73EEB}.Release|Any CPU.Build.0 = Release|Any CPU
		{BFF476EA-A4F2-4149-BC01-E117E4DECE72}.Debug|Any CPU.ActiveCfg = Debug|Any CPU
		{BFF476EA-A4F2-4149-BC01-E117E4DECE72}.Debug|Any CPU.Build.0 = Debug|Any CPU
		{BFF476EA-A4F2-4149-BC01-E117E4DECE72}.Release|Any CPU.ActiveCfg = Release|Any CPU
		{BFF476EA-A4F2-4149-BC01-E117E4DECE72}.Release|Any CPU.Build.0 = Release|Any CPU
		{5104EDA6-8BFE-48D3-BF21-F1B6C5ECB15A}.Debug|Any CPU.ActiveCfg = Debug|Any CPU
		{5104EDA6-8BFE-48D3-BF21-F1B6C5ECB15A}.Debug|Any CPU.Build.0 = Debug|Any CPU
		{5104EDA6-8BFE-48D3-BF21-F1B6C5ECB15A}.Release|Any CPU.ActiveCfg = Release|Any CPU
		{5104EDA6-8BFE-48D3-BF21-F1B6C5ECB15A}.Release|Any CPU.Build.0 = Release|Any CPU
		{86B56197-2F34-4DA5-8186-F9C31B28A7F4}.Debug|Any CPU.ActiveCfg = Debug|Any CPU
		{86B56197-2F34-4DA5-8186-F9C31B28A7F4}.Debug|Any CPU.Build.0 = Debug|Any CPU
		{86B56197-2F34-4DA5-8186-F9C31B28A7F4}.Release|Any CPU.ActiveCfg = Release|Any CPU
		{86B56197-2F34-4DA5-8186-F9C31B28A7F4}.Release|Any CPU.Build.0 = Release|Any CPU
		{49403A86-DD21-4F1E-8851-61AEC3BE3B5E}.Debug|Any CPU.ActiveCfg = Debug|Any CPU
		{49403A86-DD21-4F1E-8851-61AEC3BE3B5E}.Debug|Any CPU.Build.0 = Debug|Any CPU
		{49403A86-DD21-4F1E-8851-61AEC3BE3B5E}.Release|Any CPU.ActiveCfg = Release|Any CPU
		{49403A86-DD21-4F1E-8851-61AEC3BE3B5E}.Release|Any CPU.Build.0 = Release|Any CPU
		{351B23AC-C918-41C4-9274-1EB77D6C55BE}.Debug|Any CPU.ActiveCfg = Debug|Any CPU
		{351B23AC-C918-41C4-9274-1EB77D6C55BE}.Debug|Any CPU.Build.0 = Debug|Any CPU
		{351B23AC-C918-41C4-9274-1EB77D6C55BE}.Release|Any CPU.ActiveCfg = Release|Any CPU
		{351B23AC-C918-41C4-9274-1EB77D6C55BE}.Release|Any CPU.Build.0 = Release|Any CPU
		{FA21ECDC-7036-487D-AD99-A2DF4D706125}.Debug|Any CPU.ActiveCfg = Debug|Any CPU
		{FA21ECDC-7036-487D-AD99-A2DF4D706125}.Debug|Any CPU.Build.0 = Debug|Any CPU
		{FA21ECDC-7036-487D-AD99-A2DF4D706125}.Release|Any CPU.ActiveCfg = Release|Any CPU
		{FA21ECDC-7036-487D-AD99-A2DF4D706125}.Release|Any CPU.Build.0 = Release|Any CPU
		{521287FD-3BE0-4817-B3AE-679D8CDCEDBD}.Debug|Any CPU.ActiveCfg = Debug|Any CPU
		{521287FD-3BE0-4817-B3AE-679D8CDCEDBD}.Debug|Any CPU.Build.0 = Debug|Any CPU
		{521287FD-3BE0-4817-B3AE-679D8CDCEDBD}.Release|Any CPU.ActiveCfg = Release|Any CPU
		{521287FD-3BE0-4817-B3AE-679D8CDCEDBD}.Release|Any CPU.Build.0 = Release|Any CPU
		{7C49536C-8FE9-43BD-8296-E44B5F1292B0}.Debug|Any CPU.ActiveCfg = Debug|Any CPU
		{7C49536C-8FE9-43BD-8296-E44B5F1292B0}.Debug|Any CPU.Build.0 = Debug|Any CPU
		{7C49536C-8FE9-43BD-8296-E44B5F1292B0}.Release|Any CPU.ActiveCfg = Release|Any CPU
		{7C49536C-8FE9-43BD-8296-E44B5F1292B0}.Release|Any CPU.Build.0 = Release|Any CPU
		{6806FCDD-4685-478C-8FF2-83713750C031}.Debug|Any CPU.ActiveCfg = Debug|Any CPU
		{6806FCDD-4685-478C-8FF2-83713750C031}.Debug|Any CPU.Build.0 = Debug|Any CPU
		{6806FCDD-4685-478C-8FF2-83713750C031}.Release|Any CPU.ActiveCfg = Release|Any CPU
		{6806FCDD-4685-478C-8FF2-83713750C031}.Release|Any CPU.Build.0 = Release|Any CPU
		{E5649480-970E-42FB-84E0-A9CC6E5704AD}.Debug|Any CPU.ActiveCfg = Debug|Any CPU
		{E5649480-970E-42FB-84E0-A9CC6E5704AD}.Debug|Any CPU.Build.0 = Debug|Any CPU
		{E5649480-970E-42FB-84E0-A9CC6E5704AD}.Release|Any CPU.ActiveCfg = Release|Any CPU
		{E5649480-970E-42FB-84E0-A9CC6E5704AD}.Release|Any CPU.Build.0 = Release|Any CPU
		{28F2EC2F-6173-4FF2-831B-F26148530367}.Debug|Any CPU.ActiveCfg = Debug|Any CPU
		{28F2EC2F-6173-4FF2-831B-F26148530367}.Debug|Any CPU.Build.0 = Debug|Any CPU
		{28F2EC2F-6173-4FF2-831B-F26148530367}.Release|Any CPU.ActiveCfg = Release|Any CPU
		{28F2EC2F-6173-4FF2-831B-F26148530367}.Release|Any CPU.Build.0 = Release|Any CPU
		{497EBF4B-A628-46AA-8BDC-7103EB88E1C5}.Debug|Any CPU.ActiveCfg = Debug|Any CPU
		{497EBF4B-A628-46AA-8BDC-7103EB88E1C5}.Debug|Any CPU.Build.0 = Debug|Any CPU
		{497EBF4B-A628-46AA-8BDC-7103EB88E1C5}.Release|Any CPU.ActiveCfg = Release|Any CPU
		{497EBF4B-A628-46AA-8BDC-7103EB88E1C5}.Release|Any CPU.Build.0 = Release|Any CPU
		{1CEF1617-900F-4751-9ADE-FF1673F0FCCE}.Debug|Any CPU.ActiveCfg = Debug|Any CPU
		{1CEF1617-900F-4751-9ADE-FF1673F0FCCE}.Debug|Any CPU.Build.0 = Debug|Any CPU
		{1CEF1617-900F-4751-9ADE-FF1673F0FCCE}.Release|Any CPU.ActiveCfg = Release|Any CPU
		{1CEF1617-900F-4751-9ADE-FF1673F0FCCE}.Release|Any CPU.Build.0 = Release|Any CPU
		{8C643451-6C06-48C2-82BF-38A4BB4B1169}.Debug|Any CPU.ActiveCfg = Debug|Any CPU
		{8C643451-6C06-48C2-82BF-38A4BB4B1169}.Debug|Any CPU.Build.0 = Debug|Any CPU
		{8C643451-6C06-48C2-82BF-38A4BB4B1169}.Release|Any CPU.ActiveCfg = Release|Any CPU
		{8C643451-6C06-48C2-82BF-38A4BB4B1169}.Release|Any CPU.Build.0 = Release|Any CPU
		{0630A66B-5B69-4F16-A761-F35C61FFC5EC}.Debug|Any CPU.ActiveCfg = Debug|Any CPU
		{0630A66B-5B69-4F16-A761-F35C61FFC5EC}.Debug|Any CPU.Build.0 = Debug|Any CPU
		{0630A66B-5B69-4F16-A761-F35C61FFC5EC}.Release|Any CPU.ActiveCfg = Release|Any CPU
		{0630A66B-5B69-4F16-A761-F35C61FFC5EC}.Release|Any CPU.Build.0 = Release|Any CPU
		{48CC877A-64C1-4CAB-8253-5E796EAD0ACC}.Debug|Any CPU.ActiveCfg = Debug|Any CPU
		{48CC877A-64C1-4CAB-8253-5E796EAD0ACC}.Debug|Any CPU.Build.0 = Debug|Any CPU
		{48CC877A-64C1-4CAB-8253-5E796EAD0ACC}.Release|Any CPU.ActiveCfg = Release|Any CPU
		{48CC877A-64C1-4CAB-8253-5E796EAD0ACC}.Release|Any CPU.Build.0 = Release|Any CPU
		{01663D1C-4847-434F-95A7-CD176E2FA8FE}.Debug|Any CPU.ActiveCfg = Debug|Any CPU
		{01663D1C-4847-434F-95A7-CD176E2FA8FE}.Debug|Any CPU.Build.0 = Debug|Any CPU
		{01663D1C-4847-434F-95A7-CD176E2FA8FE}.Release|Any CPU.ActiveCfg = Release|Any CPU
		{01663D1C-4847-434F-95A7-CD176E2FA8FE}.Release|Any CPU.Build.0 = Release|Any CPU
		{842C4E21-741F-4E7E-8DCC-D44DB4489B7B}.Debug|Any CPU.ActiveCfg = Debug|Any CPU
		{842C4E21-741F-4E7E-8DCC-D44DB4489B7B}.Debug|Any CPU.Build.0 = Debug|Any CPU
		{842C4E21-741F-4E7E-8DCC-D44DB4489B7B}.Release|Any CPU.ActiveCfg = Release|Any CPU
		{842C4E21-741F-4E7E-8DCC-D44DB4489B7B}.Release|Any CPU.Build.0 = Release|Any CPU
		{27927367-196A-47D9-BE8C-3B08C1AB0C85}.Debug|Any CPU.ActiveCfg = Debug|Any CPU
		{27927367-196A-47D9-BE8C-3B08C1AB0C85}.Debug|Any CPU.Build.0 = Debug|Any CPU
		{27927367-196A-47D9-BE8C-3B08C1AB0C85}.Release|Any CPU.ActiveCfg = Release|Any CPU
		{27927367-196A-47D9-BE8C-3B08C1AB0C85}.Release|Any CPU.Build.0 = Release|Any CPU
		{CCF17219-8D52-4E85-88CA-D73CEBCFDFFE}.Debug|Any CPU.ActiveCfg = Debug|Any CPU
		{CCF17219-8D52-4E85-88CA-D73CEBCFDFFE}.Debug|Any CPU.Build.0 = Debug|Any CPU
		{CCF17219-8D52-4E85-88CA-D73CEBCFDFFE}.Release|Any CPU.ActiveCfg = Release|Any CPU
		{CCF17219-8D52-4E85-88CA-D73CEBCFDFFE}.Release|Any CPU.Build.0 = Release|Any CPU
		{71097854-B3B5-4563-A19C-0CA76E082C6C}.Debug|Any CPU.ActiveCfg = Debug|Any CPU
		{71097854-B3B5-4563-A19C-0CA76E082C6C}.Debug|Any CPU.Build.0 = Debug|Any CPU
		{71097854-B3B5-4563-A19C-0CA76E082C6C}.Release|Any CPU.ActiveCfg = Release|Any CPU
		{71097854-B3B5-4563-A19C-0CA76E082C6C}.Release|Any CPU.Build.0 = Release|Any CPU
		{C6799F68-CCBF-482D-946A-F8FBC1E326A8}.Debug|Any CPU.ActiveCfg = Debug|Any CPU
		{C6799F68-CCBF-482D-946A-F8FBC1E326A8}.Debug|Any CPU.Build.0 = Debug|Any CPU
		{C6799F68-CCBF-482D-946A-F8FBC1E326A8}.Release|Any CPU.ActiveCfg = Release|Any CPU
		{C6799F68-CCBF-482D-946A-F8FBC1E326A8}.Release|Any CPU.Build.0 = Release|Any CPU
		{E93979DF-7B0F-4539-A6C5-0B0E521D7D1B}.Debug|Any CPU.ActiveCfg = Debug|Any CPU
		{E93979DF-7B0F-4539-A6C5-0B0E521D7D1B}.Debug|Any CPU.Build.0 = Debug|Any CPU
		{E93979DF-7B0F-4539-A6C5-0B0E521D7D1B}.Release|Any CPU.ActiveCfg = Release|Any CPU
		{E93979DF-7B0F-4539-A6C5-0B0E521D7D1B}.Release|Any CPU.Build.0 = Release|Any CPU
		{812D13B7-A850-49DC-8D63-D885635BC65D}.Debug|Any CPU.ActiveCfg = Debug|Any CPU
		{812D13B7-A850-49DC-8D63-D885635BC65D}.Debug|Any CPU.Build.0 = Debug|Any CPU
		{812D13B7-A850-49DC-8D63-D885635BC65D}.Release|Any CPU.ActiveCfg = Release|Any CPU
		{812D13B7-A850-49DC-8D63-D885635BC65D}.Release|Any CPU.Build.0 = Release|Any CPU
		{0AD643ED-0F98-47FB-956C-8A00D99FD25A}.Debug|Any CPU.ActiveCfg = Debug|Any CPU
		{0AD643ED-0F98-47FB-956C-8A00D99FD25A}.Debug|Any CPU.Build.0 = Debug|Any CPU
		{0AD643ED-0F98-47FB-956C-8A00D99FD25A}.Release|Any CPU.ActiveCfg = Release|Any CPU
		{0AD643ED-0F98-47FB-956C-8A00D99FD25A}.Release|Any CPU.Build.0 = Release|Any CPU
		{B3834230-A741-459D-9074-9D061451B41A}.Debug|Any CPU.ActiveCfg = Debug|Any CPU
		{B3834230-A741-459D-9074-9D061451B41A}.Debug|Any CPU.Build.0 = Debug|Any CPU
		{B3834230-A741-459D-9074-9D061451B41A}.Release|Any CPU.ActiveCfg = Release|Any CPU
		{B3834230-A741-459D-9074-9D061451B41A}.Release|Any CPU.Build.0 = Release|Any CPU
		{66432E03-F3EE-4A10-ADA9-59B20DC615ED}.Debug|Any CPU.ActiveCfg = Debug|Any CPU
		{66432E03-F3EE-4A10-ADA9-59B20DC615ED}.Debug|Any CPU.Build.0 = Debug|Any CPU
		{66432E03-F3EE-4A10-ADA9-59B20DC615ED}.Release|Any CPU.ActiveCfg = Release|Any CPU
		{66432E03-F3EE-4A10-ADA9-59B20DC615ED}.Release|Any CPU.Build.0 = Release|Any CPU
		{E7D0CD0F-08EA-4BF6-9645-B9E7FF0FB72F}.Debug|Any CPU.ActiveCfg = Debug|Any CPU
		{E7D0CD0F-08EA-4BF6-9645-B9E7FF0FB72F}.Debug|Any CPU.Build.0 = Debug|Any CPU
		{E7D0CD0F-08EA-4BF6-9645-B9E7FF0FB72F}.Release|Any CPU.ActiveCfg = Release|Any CPU
		{E7D0CD0F-08EA-4BF6-9645-B9E7FF0FB72F}.Release|Any CPU.Build.0 = Release|Any CPU
		{B2C193D2-F473-4733-B796-5B44486C9A9F}.Debug|Any CPU.ActiveCfg = Debug|Any CPU
		{B2C193D2-F473-4733-B796-5B44486C9A9F}.Debug|Any CPU.Build.0 = Debug|Any CPU
		{B2C193D2-F473-4733-B796-5B44486C9A9F}.Release|Any CPU.ActiveCfg = Release|Any CPU
		{B2C193D2-F473-4733-B796-5B44486C9A9F}.Release|Any CPU.Build.0 = Release|Any CPU
		{9A70FADA-7E18-4762-A680-B2C43F84E1E9}.Debug|Any CPU.ActiveCfg = Debug|Any CPU
		{9A70FADA-7E18-4762-A680-B2C43F84E1E9}.Debug|Any CPU.Build.0 = Debug|Any CPU
		{9A70FADA-7E18-4762-A680-B2C43F84E1E9}.Release|Any CPU.ActiveCfg = Release|Any CPU
		{9A70FADA-7E18-4762-A680-B2C43F84E1E9}.Release|Any CPU.Build.0 = Release|Any CPU
		{0ABD59F2-435C-4229-969F-A63DDF7BBF10}.Debug|Any CPU.ActiveCfg = Debug|Any CPU
		{0ABD59F2-435C-4229-969F-A63DDF7BBF10}.Debug|Any CPU.Build.0 = Debug|Any CPU
		{0ABD59F2-435C-4229-969F-A63DDF7BBF10}.Release|Any CPU.ActiveCfg = Release|Any CPU
		{0ABD59F2-435C-4229-969F-A63DDF7BBF10}.Release|Any CPU.Build.0 = Release|Any CPU
		{4238E4DB-DE72-4A2C-BD20-EBE7BE2A76B2}.Debug|Any CPU.ActiveCfg = Debug|Any CPU
		{4238E4DB-DE72-4A2C-BD20-EBE7BE2A76B2}.Debug|Any CPU.Build.0 = Debug|Any CPU
		{4238E4DB-DE72-4A2C-BD20-EBE7BE2A76B2}.Release|Any CPU.ActiveCfg = Release|Any CPU
		{4238E4DB-DE72-4A2C-BD20-EBE7BE2A76B2}.Release|Any CPU.Build.0 = Release|Any CPU
		{7641C8BF-0133-4B08-A5A2-63CF428BE992}.Debug|Any CPU.ActiveCfg = Debug|Any CPU
		{7641C8BF-0133-4B08-A5A2-63CF428BE992}.Debug|Any CPU.Build.0 = Debug|Any CPU
		{7641C8BF-0133-4B08-A5A2-63CF428BE992}.Release|Any CPU.ActiveCfg = Release|Any CPU
		{7641C8BF-0133-4B08-A5A2-63CF428BE992}.Release|Any CPU.Build.0 = Release|Any CPU
		{4C45CC21-1716-42CA-A5D3-6A404BFC0541}.Debug|Any CPU.ActiveCfg = Debug|Any CPU
		{4C45CC21-1716-42CA-A5D3-6A404BFC0541}.Debug|Any CPU.Build.0 = Debug|Any CPU
		{4C45CC21-1716-42CA-A5D3-6A404BFC0541}.Release|Any CPU.ActiveCfg = Release|Any CPU
		{4C45CC21-1716-42CA-A5D3-6A404BFC0541}.Release|Any CPU.Build.0 = Release|Any CPU
		{5F5FF135-7EEC-45D7-B107-0D42ECDE43AC}.Debug|Any CPU.ActiveCfg = Debug|Any CPU
		{5F5FF135-7EEC-45D7-B107-0D42ECDE43AC}.Debug|Any CPU.Build.0 = Debug|Any CPU
		{5F5FF135-7EEC-45D7-B107-0D42ECDE43AC}.Release|Any CPU.ActiveCfg = Release|Any CPU
		{5F5FF135-7EEC-45D7-B107-0D42ECDE43AC}.Release|Any CPU.Build.0 = Release|Any CPU
		{48C8414E-80B7-495D-A8B6-01DFD93DE3BE}.Debug|Any CPU.ActiveCfg = Debug|Any CPU
		{48C8414E-80B7-495D-A8B6-01DFD93DE3BE}.Debug|Any CPU.Build.0 = Debug|Any CPU
		{48C8414E-80B7-495D-A8B6-01DFD93DE3BE}.Release|Any CPU.ActiveCfg = Release|Any CPU
		{48C8414E-80B7-495D-A8B6-01DFD93DE3BE}.Release|Any CPU.Build.0 = Release|Any CPU
		{1556003C-1C2F-4E47-A586-749B9B3228BF}.Debug|Any CPU.ActiveCfg = Debug|Any CPU
		{1556003C-1C2F-4E47-A586-749B9B3228BF}.Debug|Any CPU.Build.0 = Debug|Any CPU
		{1556003C-1C2F-4E47-A586-749B9B3228BF}.Release|Any CPU.ActiveCfg = Release|Any CPU
		{1556003C-1C2F-4E47-A586-749B9B3228BF}.Release|Any CPU.Build.0 = Release|Any CPU
		{EEBD98B9-B8E7-4ED6-9B82-40794D07FCA1}.Debug|Any CPU.ActiveCfg = Debug|Any CPU
		{EEBD98B9-B8E7-4ED6-9B82-40794D07FCA1}.Debug|Any CPU.Build.0 = Debug|Any CPU
		{EEBD98B9-B8E7-4ED6-9B82-40794D07FCA1}.Release|Any CPU.ActiveCfg = Release|Any CPU
		{EEBD98B9-B8E7-4ED6-9B82-40794D07FCA1}.Release|Any CPU.Build.0 = Release|Any CPU
		{DBBE9560-CCE3-4923-BDAF-DB259A8F2D58}.Debug|Any CPU.ActiveCfg = Debug|Any CPU
		{DBBE9560-CCE3-4923-BDAF-DB259A8F2D58}.Debug|Any CPU.Build.0 = Debug|Any CPU
		{DBBE9560-CCE3-4923-BDAF-DB259A8F2D58}.Release|Any CPU.ActiveCfg = Release|Any CPU
		{DBBE9560-CCE3-4923-BDAF-DB259A8F2D58}.Release|Any CPU.Build.0 = Release|Any CPU
		{7E8A9CC0-FDD2-4D3B-B924-532104EA9DA7}.Debug|Any CPU.ActiveCfg = Debug|Any CPU
		{7E8A9CC0-FDD2-4D3B-B924-532104EA9DA7}.Debug|Any CPU.Build.0 = Debug|Any CPU
		{7E8A9CC0-FDD2-4D3B-B924-532104EA9DA7}.Release|Any CPU.ActiveCfg = Release|Any CPU
		{7E8A9CC0-FDD2-4D3B-B924-532104EA9DA7}.Release|Any CPU.Build.0 = Release|Any CPU
		{17EAE564-E12E-4BE8-A0B8-1FB08083036F}.Debug|Any CPU.ActiveCfg = Debug|Any CPU
		{17EAE564-E12E-4BE8-A0B8-1FB08083036F}.Debug|Any CPU.Build.0 = Debug|Any CPU
		{17EAE564-E12E-4BE8-A0B8-1FB08083036F}.Release|Any CPU.ActiveCfg = Release|Any CPU
		{17EAE564-E12E-4BE8-A0B8-1FB08083036F}.Release|Any CPU.Build.0 = Release|Any CPU
		{9AAAFBA3-E912-4106-924A-5E3F6103B53F}.Debug|Any CPU.ActiveCfg = Debug|Any CPU
		{9AAAFBA3-E912-4106-924A-5E3F6103B53F}.Debug|Any CPU.Build.0 = Debug|Any CPU
		{9AAAFBA3-E912-4106-924A-5E3F6103B53F}.Release|Any CPU.ActiveCfg = Release|Any CPU
		{9AAAFBA3-E912-4106-924A-5E3F6103B53F}.Release|Any CPU.Build.0 = Release|Any CPU
		{1A224324-46AB-4B9A-BE5F-8699E2C11337}.Debug|Any CPU.ActiveCfg = Debug|Any CPU
		{1A224324-46AB-4B9A-BE5F-8699E2C11337}.Debug|Any CPU.Build.0 = Debug|Any CPU
		{1A224324-46AB-4B9A-BE5F-8699E2C11337}.Release|Any CPU.ActiveCfg = Release|Any CPU
		{1A224324-46AB-4B9A-BE5F-8699E2C11337}.Release|Any CPU.Build.0 = Release|Any CPU
		{7E7A72B3-8EB8-4753-8E67-C6354D32F16F}.Debug|Any CPU.ActiveCfg = Debug|Any CPU
		{7E7A72B3-8EB8-4753-8E67-C6354D32F16F}.Debug|Any CPU.Build.0 = Debug|Any CPU
		{7E7A72B3-8EB8-4753-8E67-C6354D32F16F}.Release|Any CPU.ActiveCfg = Release|Any CPU
		{7E7A72B3-8EB8-4753-8E67-C6354D32F16F}.Release|Any CPU.Build.0 = Release|Any CPU
	EndGlobalSection
	GlobalSection(SolutionProperties) = preSolution
		HideSolutionNode = FALSE
	EndGlobalSection
	GlobalSection(ExtensibilityGlobals) = postSolution
		SolutionGuid = {2449AC7F-4D50-428D-B3A3-2CC463C93690}
	EndGlobalSection
EndGlobal
